// !$*UTF8*$!
{
	archiveVersion = 1;
	classes = {
	};
	objectVersion = 54;
	objects = {

/* Begin PBXBuildFile section */
		00E356F31AD99517003FC87E /* flydroneappTests.m in Sources */ = {isa = PBXBuildFile; fileRef = 00E356F21AD99517003FC87E /* flydroneappTests.m */; };
		13B07FBC1A68108700A75B9A /* AppDelegate.mm in Sources */ = {isa = PBXBuildFile; fileRef = 13B07FB01A68108700A75B9A /* AppDelegate.mm */; };
		13B07FBF1A68108700A75B9A /* Images.xcassets in Resources */ = {isa = PBXBuildFile; fileRef = 13B07FB51A68108700A75B9A /* Images.xcassets */; };
		13B07FC11A68108700A75B9A /* main.m in Sources */ = {isa = PBXBuildFile; fileRef = 13B07FB71A68108700A75B9A /* main.m */; };
		1738CCDFB9D80A1999D1C15F /* PrivacyInfo.xcprivacy in Resources */ = {isa = PBXBuildFile; fileRef = 1709E6D284A4DDF15F52C118 /* PrivacyInfo.xcprivacy */; };
		36FFFE2C22B25EB9B4F7F9A7 /* Pods_flydroneapp_flydroneappTests.framework in Frameworks */ = {isa = PBXBuildFile; fileRef = 62DF2E01F92A3128591267F0 /* Pods_flydroneapp_flydroneappTests.framework */; };
		5839BC116A80D0FE62E96CEC /* Pods_flydroneapp.framework in Frameworks */ = {isa = PBXBuildFile; fileRef = 734429BFBBE9279D3444517C /* Pods_flydroneapp.framework */; };
		81AB9BB82411601600AC10FF /* LaunchScreen.storyboard in Resources */ = {isa = PBXBuildFile; fileRef = 81AB9BB72411601600AC10FF /* LaunchScreen.storyboard */; };
		B58561282CA533E300D52204 /* GoogleService-Info.plist in Resources */ = {isa = PBXBuildFile; fileRef = B58561272CA533E300D52204 /* GoogleService-Info.plist */; };
		46B3894452F3477599586349 /* DMSans-Black.ttf in Resources */ = {isa = PBXBuildFile; fileRef = F09DEC9A3FD64E21817CDD49 /* DMSans-Black.ttf */; };
		D1233D19D2FF40058E5669A9 /* DMSans-BlackItalic.ttf in Resources */ = {isa = PBXBuildFile; fileRef = 8AE7D0CF16EA49EA87E2C277 /* DMSans-BlackItalic.ttf */; };
		CF20F42092BB42E8BEE7CF56 /* DMSans-Bold.ttf in Resources */ = {isa = PBXBuildFile; fileRef = 821A18B7B0C541D8B9064F91 /* DMSans-Bold.ttf */; };
		344377D3C7D24BB9B7FBCDDC /* DMSans-BoldItalic.ttf in Resources */ = {isa = PBXBuildFile; fileRef = D53C795EC5ED4C6B993C6D07 /* DMSans-BoldItalic.ttf */; };
		DA5F839D0CA54D3CB64B296A /* DMSans-ExtraBold.ttf in Resources */ = {isa = PBXBuildFile; fileRef = 9471D8EC228D4B1DA9092D33 /* DMSans-ExtraBold.ttf */; };
		7B612402AD8C42709D00947D /* DMSans-ExtraBoldItalic.ttf in Resources */ = {isa = PBXBuildFile; fileRef = B9552B5E1F5E45C0BF70496E /* DMSans-ExtraBoldItalic.ttf */; };
		128AF3C1AB574DEA8FB5354B /* DMSans-ExtraLight.ttf in Resources */ = {isa = PBXBuildFile; fileRef = A092D1CCA46448FEAA90DC77 /* DMSans-ExtraLight.ttf */; };
		742639C46B154093BA9D16E6 /* DMSans-ExtraLightItalic.ttf in Resources */ = {isa = PBXBuildFile; fileRef = BC95435B26754A0DB9F8A8D6 /* DMSans-ExtraLightItalic.ttf */; };
		319672CEA0DD405494AC579E /* DMSans-Italic.ttf in Resources */ = {isa = PBXBuildFile; fileRef = FBC85673110F42C6A43AA6B5 /* DMSans-Italic.ttf */; };
		01800CEDD63543008BB60A46 /* DMSans-Light.ttf in Resources */ = {isa = PBXBuildFile; fileRef = B3BF564F2ED9403A9EA93728 /* DMSans-Light.ttf */; };
		74543D2D63564BB0B00BBD2F /* DMSans-LightItalic.ttf in Resources */ = {isa = PBXBuildFile; fileRef = 5E2AA84C2AC047F08D993607 /* DMSans-LightItalic.ttf */; };
		20CF9BF931964106A22BE57A /* DMSans-Medium.ttf in Resources */ = {isa = PBXBuildFile; fileRef = D29E79A6D7E54C26A9BA96F1 /* DMSans-Medium.ttf */; };
		ECF5616F299145F9BDE39D43 /* DMSans-MediumItalic.ttf in Resources */ = {isa = PBXBuildFile; fileRef = 18E8841FAB434086987A60B9 /* DMSans-MediumItalic.ttf */; };
		B6E2B299B61B4E6F90900845 /* DMSans-Regular.ttf in Resources */ = {isa = PBXBuildFile; fileRef = 1286DC626E5C472AA3F00D3A /* DMSans-Regular.ttf */; };
		DDA553B28B704A88A005D181 /* DMSans-SemiBold.ttf in Resources */ = {isa = PBXBuildFile; fileRef = 9BDE04BAED80495A9CC6F12E /* DMSans-SemiBold.ttf */; };
		9012123DF1AB467785050BFC /* DMSans-SemiBoldItalic.ttf in Resources */ = {isa = PBXBuildFile; fileRef = 7AD763EBFF1D46FA981BFA4D /* DMSans-SemiBoldItalic.ttf */; };
		9951A6A278314251A304A2B8 /* DMSans-Thin.ttf in Resources */ = {isa = PBXBuildFile; fileRef = 1B232E3947C14C45958B7C26 /* DMSans-Thin.ttf */; };
		3C3768EE5B6C46E093AFB7E0 /* DMSans-ThinItalic.ttf in Resources */ = {isa = PBXBuildFile; fileRef = A1020996F4224469BB96506D /* DMSans-ThinItalic.ttf */; };
		419533D30DE64AA4AEE027A2 /* DMSans_18pt-Black.ttf in Resources */ = {isa = PBXBuildFile; fileRef = AF80FBED238F488B8C91922E /* DMSans_18pt-Black.ttf */; };
		3AA7EA4CBA4C405186534ADB /* DMSans_18pt-BlackItalic.ttf in Resources */ = {isa = PBXBuildFile; fileRef = 81E370DAACAB4F5A86C49450 /* DMSans_18pt-BlackItalic.ttf */; };
		805EF2224D884684A62AF483 /* DMSans_18pt-Bold.ttf in Resources */ = {isa = PBXBuildFile; fileRef = A3D29F49597E49C2B7076712 /* DMSans_18pt-Bold.ttf */; };
		BC3313672B7E4BC984E3349A /* DMSans_18pt-BoldItalic.ttf in Resources */ = {isa = PBXBuildFile; fileRef = 84DF4B5AF1EF465182519ADA /* DMSans_18pt-BoldItalic.ttf */; };
		1A92A14B770A4AEFA11EE000 /* DMSans_18pt-ExtraBold.ttf in Resources */ = {isa = PBXBuildFile; fileRef = F5CA4588C11F4A57A3950C62 /* DMSans_18pt-ExtraBold.ttf */; };
		816E5FF336D0429B813706AD /* DMSans_18pt-ExtraBoldItalic.ttf in Resources */ = {isa = PBXBuildFile; fileRef = DE15A642A4C44FE1AB5818AB /* DMSans_18pt-ExtraBoldItalic.ttf */; };
		67D77926D5594A07BB72A8C0 /* DMSans_18pt-ExtraLight.ttf in Resources */ = {isa = PBXBuildFile; fileRef = B6A2CDCA2063469DAE481DEE /* DMSans_18pt-ExtraLight.ttf */; };
		F86187B674F044EABF44100F /* DMSans_18pt-ExtraLightItalic.ttf in Resources */ = {isa = PBXBuildFile; fileRef = C178409E002040559590D8BA /* DMSans_18pt-ExtraLightItalic.ttf */; };
		538C73AF02484A7F93BC8771 /* DMSans_18pt-Italic.ttf in Resources */ = {isa = PBXBuildFile; fileRef = 4C533853B82545D1A8268B22 /* DMSans_18pt-Italic.ttf */; };
		C246AD72898D4EBCBB82E557 /* DMSans_18pt-Light.ttf in Resources */ = {isa = PBXBuildFile; fileRef = 831631AB460E4143AE9D2673 /* DMSans_18pt-Light.ttf */; };
		A315DCDD9D374C13996CF7E1 /* DMSans_18pt-LightItalic.ttf in Resources */ = {isa = PBXBuildFile; fileRef = B2D7FBFDBFED40A69FACB664 /* DMSans_18pt-LightItalic.ttf */; };
		BFBE1E22886C4A04BC0F4595 /* DMSans_18pt-Medium.ttf in Resources */ = {isa = PBXBuildFile; fileRef = 852A6675CBE74E3BA055317D /* DMSans_18pt-Medium.ttf */; };
		7443B2A304D047DA9DA3A419 /* DMSans_18pt-MediumItalic.ttf in Resources */ = {isa = PBXBuildFile; fileRef = D9F998D850B447F390EE1234 /* DMSans_18pt-MediumItalic.ttf */; };
		F49C122B043D4A09A8E11F68 /* DMSans_18pt-Regular.ttf in Resources */ = {isa = PBXBuildFile; fileRef = 67AF9D5632B34DC582BC1428 /* DMSans_18pt-Regular.ttf */; };
		267B6D307BA64376853F8984 /* DMSans_18pt-SemiBold.ttf in Resources */ = {isa = PBXBuildFile; fileRef = 9A83BC8F2B8041E59DB76663 /* DMSans_18pt-SemiBold.ttf */; };
		6113BBB9EC5146FE8527DB19 /* DMSans_18pt-SemiBoldItalic.ttf in Resources */ = {isa = PBXBuildFile; fileRef = 01558227D4664367AD17BA9A /* DMSans_18pt-SemiBoldItalic.ttf */; };
		8B2EF0259E4144C1BF2BBF5F /* DMSans_18pt-Thin.ttf in Resources */ = {isa = PBXBuildFile; fileRef = 438E20C1FD4E457E8428AEE0 /* DMSans_18pt-Thin.ttf */; };
		3F749EA58B0E4D379F5C9214 /* DMSans_18pt-ThinItalic.ttf in Resources */ = {isa = PBXBuildFile; fileRef = 6096FC92D720499592AB823E /* DMSans_18pt-ThinItalic.ttf */; };
		B6421501769249F8B77D16EC /* DMSans_24pt-Black.ttf in Resources */ = {isa = PBXBuildFile; fileRef = B9C632926769492FBF6EC738 /* DMSans_24pt-Black.ttf */; };
		14F39E85645E4E5582F99D2C /* DMSans_24pt-BlackItalic.ttf in Resources */ = {isa = PBXBuildFile; fileRef = 34E22DD229CF444A8907248D /* DMSans_24pt-BlackItalic.ttf */; };
		57C6DABC07024FDA947FBDDE /* DMSans_24pt-Bold.ttf in Resources */ = {isa = PBXBuildFile; fileRef = 0F90809E20584B2A9ABCE46A /* DMSans_24pt-Bold.ttf */; };
		3677531236A64333AA0E8194 /* DMSans_24pt-BoldItalic.ttf in Resources */ = {isa = PBXBuildFile; fileRef = 2107D09D4EBC4F0A96D21223 /* DMSans_24pt-BoldItalic.ttf */; };
		FFDE8B017EF1432A9C25B8C1 /* DMSans_24pt-ExtraBold.ttf in Resources */ = {isa = PBXBuildFile; fileRef = 9521F902817644F69F561513 /* DMSans_24pt-ExtraBold.ttf */; };
		EBC4776A750A4CEF8D4DCF81 /* DMSans_24pt-ExtraBoldItalic.ttf in Resources */ = {isa = PBXBuildFile; fileRef = 5E50C7DE7623428BA3AF9256 /* DMSans_24pt-ExtraBoldItalic.ttf */; };
		7528CB4D0A1C42699DA1B119 /* DMSans_24pt-ExtraLight.ttf in Resources */ = {isa = PBXBuildFile; fileRef = 7C80B8F876B94A5EA7E959F6 /* DMSans_24pt-ExtraLight.ttf */; };
		E80F28B9DF6C485F8D790F7D /* DMSans_24pt-ExtraLightItalic.ttf in Resources */ = {isa = PBXBuildFile; fileRef = 48A477292A254E1D92385DE5 /* DMSans_24pt-ExtraLightItalic.ttf */; };
		9E6B21E98A1441D0B7887EC8 /* DMSans_24pt-Italic.ttf in Resources */ = {isa = PBXBuildFile; fileRef = BF861C085706416883C786ED /* DMSans_24pt-Italic.ttf */; };
		B545FB69D03744528011D505 /* DMSans_24pt-Light.ttf in Resources */ = {isa = PBXBuildFile; fileRef = EECBC977861A4422B6654938 /* DMSans_24pt-Light.ttf */; };
		C97DC494F0E644778A713BC0 /* DMSans_24pt-LightItalic.ttf in Resources */ = {isa = PBXBuildFile; fileRef = AC377BBF3D564B5EB4E82E1D /* DMSans_24pt-LightItalic.ttf */; };
		9E8F369BE7BB45DCBCCD8FB0 /* DMSans_24pt-Medium.ttf in Resources */ = {isa = PBXBuildFile; fileRef = B70D9B292D7A40CDAB66314A /* DMSans_24pt-Medium.ttf */; };
		B497C63D4A9C4888BE100A28 /* DMSans_24pt-MediumItalic.ttf in Resources */ = {isa = PBXBuildFile; fileRef = F31542EF5A914F78B67E9B29 /* DMSans_24pt-MediumItalic.ttf */; };
		FF4270EE5DFD4D81936E4805 /* DMSans_24pt-Regular.ttf in Resources */ = {isa = PBXBuildFile; fileRef = CA9BA4520B8C488D92FE3BCF /* DMSans_24pt-Regular.ttf */; };
		059DB13F47F747469C7D56FB /* DMSans_24pt-SemiBold.ttf in Resources */ = {isa = PBXBuildFile; fileRef = 38E62C6CE366489BA53000F1 /* DMSans_24pt-SemiBold.ttf */; };
		DC67693E7BA6406F8F40CA4B /* DMSans_24pt-SemiBoldItalic.ttf in Resources */ = {isa = PBXBuildFile; fileRef = A0FE6026B5B644938CAA4FBB /* DMSans_24pt-SemiBoldItalic.ttf */; };
		F56D558768FD4C2AAF37768F /* DMSans_24pt-Thin.ttf in Resources */ = {isa = PBXBuildFile; fileRef = 92366FEB31564C62AD81BF2C /* DMSans_24pt-Thin.ttf */; };
		5B31981AA41B444F8A81581E /* DMSans_24pt-ThinItalic.ttf in Resources */ = {isa = PBXBuildFile; fileRef = EC8BA8D0DC8E4ACD942767A2 /* DMSans_24pt-ThinItalic.ttf */; };
		8C87BBC543534628BF8B57F5 /* DMSans_36pt-Black.ttf in Resources */ = {isa = PBXBuildFile; fileRef = F01DEA68B5A54E68B4B46C9C /* DMSans_36pt-Black.ttf */; };
		98E4CEF1E91A4F7EBA2E231E /* DMSans_36pt-BlackItalic.ttf in Resources */ = {isa = PBXBuildFile; fileRef = 5E5E09D61ACD42C2B23C8620 /* DMSans_36pt-BlackItalic.ttf */; };
		8C3CFF04A7D843D49199D50C /* DMSans_36pt-Bold.ttf in Resources */ = {isa = PBXBuildFile; fileRef = A97D477BA3D14C39BA785DDB /* DMSans_36pt-Bold.ttf */; };
		ED20EBF49AFE4BEBADF33273 /* DMSans_36pt-BoldItalic.ttf in Resources */ = {isa = PBXBuildFile; fileRef = 07A59DFBA87F464E8DEF4BEF /* DMSans_36pt-BoldItalic.ttf */; };
		966546227471454E9102F233 /* DMSans_36pt-ExtraBold.ttf in Resources */ = {isa = PBXBuildFile; fileRef = 1B2E9F9AC8A6463B8914D64A /* DMSans_36pt-ExtraBold.ttf */; };
		FCAD92F1C49B4B5D8D2CAE5B /* DMSans_36pt-ExtraBoldItalic.ttf in Resources */ = {isa = PBXBuildFile; fileRef = 3FE828884D0C4E1EAC696670 /* DMSans_36pt-ExtraBoldItalic.ttf */; };
		328A94B00D0843F39A2AE752 /* DMSans_36pt-ExtraLight.ttf in Resources */ = {isa = PBXBuildFile; fileRef = 66BF22CF39E848C49746B0E1 /* DMSans_36pt-ExtraLight.ttf */; };
		A9AA73674D3B460DA9B69C38 /* DMSans_36pt-ExtraLightItalic.ttf in Resources */ = {isa = PBXBuildFile; fileRef = 0071264E24514EE3BE3D9D22 /* DMSans_36pt-ExtraLightItalic.ttf */; };
		35D943BDD2374118B3AE657C /* DMSans_36pt-Italic.ttf in Resources */ = {isa = PBXBuildFile; fileRef = 9FE493B122044118B6A8F1F8 /* DMSans_36pt-Italic.ttf */; };
		1660F38C38C742CDBF9AC61E /* DMSans_36pt-Light.ttf in Resources */ = {isa = PBXBuildFile; fileRef = DC8543A111554D54B8ABC9BC /* DMSans_36pt-Light.ttf */; };
		738931D5C2F44CD9961A6DEE /* DMSans_36pt-LightItalic.ttf in Resources */ = {isa = PBXBuildFile; fileRef = 63B3362A515E49DB90506213 /* DMSans_36pt-LightItalic.ttf */; };
		2AB358A97B80486D99F86542 /* DMSans_36pt-Medium.ttf in Resources */ = {isa = PBXBuildFile; fileRef = 5C1693B0170E4428A527E88A /* DMSans_36pt-Medium.ttf */; };
		0D4148EF3E9A4A069594BCCC /* DMSans_36pt-MediumItalic.ttf in Resources */ = {isa = PBXBuildFile; fileRef = 31098215E7864B7C8F938D96 /* DMSans_36pt-MediumItalic.ttf */; };
		C451E8B33AFC4B4B8A375D00 /* DMSans_36pt-Regular.ttf in Resources */ = {isa = PBXBuildFile; fileRef = F64D7142E4DE4D2BBABA63D2 /* DMSans_36pt-Regular.ttf */; };
		51FD3C62499840ACB98ED038 /* DMSans_36pt-SemiBold.ttf in Resources */ = {isa = PBXBuildFile; fileRef = 1EB7AEED669142DCB775A4AC /* DMSans_36pt-SemiBold.ttf */; };
		8842C93F3CAD42ECB40B7765 /* DMSans_36pt-SemiBoldItalic.ttf in Resources */ = {isa = PBXBuildFile; fileRef = 7F48E64EFBD44C9A9353946C /* DMSans_36pt-SemiBoldItalic.ttf */; };
		DD297B5F6F76487FBF01826B /* DMSans_36pt-Thin.ttf in Resources */ = {isa = PBXBuildFile; fileRef = 9A757CD8E1A343589CDDE4A8 /* DMSans_36pt-Thin.ttf */; };
		9A012944821E42B3A27E6CFD /* DMSans_36pt-ThinItalic.ttf in Resources */ = {isa = PBXBuildFile; fileRef = CE360E06044D4B558BDD161D /* DMSans_36pt-ThinItalic.ttf */; };
/* End PBXBuildFile section */

/* Begin PBXContainerItemProxy section */
		00E356F41AD99517003FC87E /* PBXContainerItemProxy */ = {
			isa = PBXContainerItemProxy;
			containerPortal = 83CBB9F71A601CBA00E9B192 /* Project object */;
			proxyType = 1;
			remoteGlobalIDString = 13B07F861A680F5B00A75B9A;
			remoteInfo = flydroneapp;
		};
/* End PBXContainerItemProxy section */

/* Begin PBXFileReference section */
		00E356EE1AD99517003FC87E /* flydroneappTests.xctest */ = {isa = PBXFileReference; explicitFileType = wrapper.cfbundle; includeInIndex = 0; path = flydroneappTests.xctest; sourceTree = BUILT_PRODUCTS_DIR; };
		00E356F11AD99517003FC87E /* Info.plist */ = {isa = PBXFileReference; lastKnownFileType = text.plist.xml; path = Info.plist; sourceTree = "<group>"; };
		00E356F21AD99517003FC87E /* flydroneappTests.m */ = {isa = PBXFileReference; lastKnownFileType = sourcecode.c.objc; path = flydroneappTests.m; sourceTree = "<group>"; };
		13B07F961A680F5B00A75B9A /* flydroneapp.app */ = {isa = PBXFileReference; explicitFileType = wrapper.application; includeInIndex = 0; path = flydroneapp.app; sourceTree = BUILT_PRODUCTS_DIR; };
		13B07FAF1A68108700A75B9A /* AppDelegate.h */ = {isa = PBXFileReference; fileEncoding = 4; lastKnownFileType = sourcecode.c.h; name = AppDelegate.h; path = flydroneapp/AppDelegate.h; sourceTree = "<group>"; };
		13B07FB01A68108700A75B9A /* AppDelegate.mm */ = {isa = PBXFileReference; fileEncoding = 4; lastKnownFileType = sourcecode.cpp.objcpp; name = AppDelegate.mm; path = flydroneapp/AppDelegate.mm; sourceTree = "<group>"; };
		13B07FB51A68108700A75B9A /* Images.xcassets */ = {isa = PBXFileReference; lastKnownFileType = folder.assetcatalog; name = Images.xcassets; path = flydroneapp/Images.xcassets; sourceTree = "<group>"; };
		13B07FB61A68108700A75B9A /* Info.plist */ = {isa = PBXFileReference; fileEncoding = 4; lastKnownFileType = text.plist.xml; name = Info.plist; path = flydroneapp/Info.plist; sourceTree = "<group>"; };
		13B07FB71A68108700A75B9A /* main.m */ = {isa = PBXFileReference; fileEncoding = 4; lastKnownFileType = sourcecode.c.objc; name = main.m; path = flydroneapp/main.m; sourceTree = "<group>"; };
		13B07FB81A68108700A75B9A /* PrivacyInfo.xcprivacy */ = {isa = PBXFileReference; fileEncoding = 4; lastKnownFileType = text.plist.xml; name = PrivacyInfo.xcprivacy; path = flydroneapp/PrivacyInfo.xcprivacy; sourceTree = "<group>"; };
		1709E6D284A4DDF15F52C118 /* PrivacyInfo.xcprivacy */ = {isa = PBXFileReference; includeInIndex = 1; lastKnownFileType = text.xml; name = PrivacyInfo.xcprivacy; path = flydroneapp/PrivacyInfo.xcprivacy; sourceTree = "<group>"; };
		3B4392A12AC88292D35C810B /* Pods-flydroneapp.debug.xcconfig */ = {isa = PBXFileReference; includeInIndex = 1; lastKnownFileType = text.xcconfig; name = "Pods-flydroneapp.debug.xcconfig"; path = "Target Support Files/Pods-flydroneapp/Pods-flydroneapp.debug.xcconfig"; sourceTree = "<group>"; };
		5709B34CF0A7D63546082F79 /* Pods-flydroneapp.release.xcconfig */ = {isa = PBXFileReference; includeInIndex = 1; lastKnownFileType = text.xcconfig; name = "Pods-flydroneapp.release.xcconfig"; path = "Target Support Files/Pods-flydroneapp/Pods-flydroneapp.release.xcconfig"; sourceTree = "<group>"; };
		5B7EB9410499542E8C5724F5 /* Pods-flydroneapp-flydroneappTests.debug.xcconfig */ = {isa = PBXFileReference; includeInIndex = 1; lastKnownFileType = text.xcconfig; name = "Pods-flydroneapp-flydroneappTests.debug.xcconfig"; path = "Target Support Files/Pods-flydroneapp-flydroneappTests/Pods-flydroneapp-flydroneappTests.debug.xcconfig"; sourceTree = "<group>"; };
		62DF2E01F92A3128591267F0 /* Pods_flydroneapp_flydroneappTests.framework */ = {isa = PBXFileReference; explicitFileType = wrapper.framework; includeInIndex = 0; path = Pods_flydroneapp_flydroneappTests.framework; sourceTree = BUILT_PRODUCTS_DIR; };
		734429BFBBE9279D3444517C /* Pods_flydroneapp.framework */ = {isa = PBXFileReference; explicitFileType = wrapper.framework; includeInIndex = 0; path = Pods_flydroneapp.framework; sourceTree = BUILT_PRODUCTS_DIR; };
		81AB9BB72411601600AC10FF /* LaunchScreen.storyboard */ = {isa = PBXFileReference; fileEncoding = 4; lastKnownFileType = file.storyboard; name = LaunchScreen.storyboard; path = flydroneapp/LaunchScreen.storyboard; sourceTree = "<group>"; };
		89C6BE57DB24E9ADA2F236DE /* Pods-flydroneapp-flydroneappTests.release.xcconfig */ = {isa = PBXFileReference; includeInIndex = 1; lastKnownFileType = text.xcconfig; name = "Pods-flydroneapp-flydroneappTests.release.xcconfig"; path = "Target Support Files/Pods-flydroneapp-flydroneappTests/Pods-flydroneapp-flydroneappTests.release.xcconfig"; sourceTree = "<group>"; };
		B58561272CA533E300D52204 /* GoogleService-Info.plist */ = {isa = PBXFileReference; fileEncoding = 4; lastKnownFileType = text.plist.xml; path = "GoogleService-Info.plist"; sourceTree = "<group>"; };
		ED297162215061F000B7C4FE /* JavaScriptCore.framework */ = {isa = PBXFileReference; lastKnownFileType = wrapper.framework; name = JavaScriptCore.framework; path = System/Library/Frameworks/JavaScriptCore.framework; sourceTree = SDKROOT; };
		F09DEC9A3FD64E21817CDD49 /* DMSans-Black.ttf */ = {isa = PBXFileReference; name = "DMSans-Black.ttf"; path = "../assets/fonts/DMSans-Black.ttf"; sourceTree = "<group>"; fileEncoding = undefined; lastKnownFileType = unknown; explicitFileType = undefined; includeInIndex = 0; };
		8AE7D0CF16EA49EA87E2C277 /* DMSans-BlackItalic.ttf */ = {isa = PBXFileReference; name = "DMSans-BlackItalic.ttf"; path = "../assets/fonts/DMSans-BlackItalic.ttf"; sourceTree = "<group>"; fileEncoding = undefined; lastKnownFileType = unknown; explicitFileType = undefined; includeInIndex = 0; };
		821A18B7B0C541D8B9064F91 /* DMSans-Bold.ttf */ = {isa = PBXFileReference; name = "DMSans-Bold.ttf"; path = "../assets/fonts/DMSans-Bold.ttf"; sourceTree = "<group>"; fileEncoding = undefined; lastKnownFileType = unknown; explicitFileType = undefined; includeInIndex = 0; };
		D53C795EC5ED4C6B993C6D07 /* DMSans-BoldItalic.ttf */ = {isa = PBXFileReference; name = "DMSans-BoldItalic.ttf"; path = "../assets/fonts/DMSans-BoldItalic.ttf"; sourceTree = "<group>"; fileEncoding = undefined; lastKnownFileType = unknown; explicitFileType = undefined; includeInIndex = 0; };
		9471D8EC228D4B1DA9092D33 /* DMSans-ExtraBold.ttf */ = {isa = PBXFileReference; name = "DMSans-ExtraBold.ttf"; path = "../assets/fonts/DMSans-ExtraBold.ttf"; sourceTree = "<group>"; fileEncoding = undefined; lastKnownFileType = unknown; explicitFileType = undefined; includeInIndex = 0; };
		B9552B5E1F5E45C0BF70496E /* DMSans-ExtraBoldItalic.ttf */ = {isa = PBXFileReference; name = "DMSans-ExtraBoldItalic.ttf"; path = "../assets/fonts/DMSans-ExtraBoldItalic.ttf"; sourceTree = "<group>"; fileEncoding = undefined; lastKnownFileType = unknown; explicitFileType = undefined; includeInIndex = 0; };
		A092D1CCA46448FEAA90DC77 /* DMSans-ExtraLight.ttf */ = {isa = PBXFileReference; name = "DMSans-ExtraLight.ttf"; path = "../assets/fonts/DMSans-ExtraLight.ttf"; sourceTree = "<group>"; fileEncoding = undefined; lastKnownFileType = unknown; explicitFileType = undefined; includeInIndex = 0; };
		BC95435B26754A0DB9F8A8D6 /* DMSans-ExtraLightItalic.ttf */ = {isa = PBXFileReference; name = "DMSans-ExtraLightItalic.ttf"; path = "../assets/fonts/DMSans-ExtraLightItalic.ttf"; sourceTree = "<group>"; fileEncoding = undefined; lastKnownFileType = unknown; explicitFileType = undefined; includeInIndex = 0; };
		FBC85673110F42C6A43AA6B5 /* DMSans-Italic.ttf */ = {isa = PBXFileReference; name = "DMSans-Italic.ttf"; path = "../assets/fonts/DMSans-Italic.ttf"; sourceTree = "<group>"; fileEncoding = undefined; lastKnownFileType = unknown; explicitFileType = undefined; includeInIndex = 0; };
		B3BF564F2ED9403A9EA93728 /* DMSans-Light.ttf */ = {isa = PBXFileReference; name = "DMSans-Light.ttf"; path = "../assets/fonts/DMSans-Light.ttf"; sourceTree = "<group>"; fileEncoding = undefined; lastKnownFileType = unknown; explicitFileType = undefined; includeInIndex = 0; };
		5E2AA84C2AC047F08D993607 /* DMSans-LightItalic.ttf */ = {isa = PBXFileReference; name = "DMSans-LightItalic.ttf"; path = "../assets/fonts/DMSans-LightItalic.ttf"; sourceTree = "<group>"; fileEncoding = undefined; lastKnownFileType = unknown; explicitFileType = undefined; includeInIndex = 0; };
		D29E79A6D7E54C26A9BA96F1 /* DMSans-Medium.ttf */ = {isa = PBXFileReference; name = "DMSans-Medium.ttf"; path = "../assets/fonts/DMSans-Medium.ttf"; sourceTree = "<group>"; fileEncoding = undefined; lastKnownFileType = unknown; explicitFileType = undefined; includeInIndex = 0; };
		18E8841FAB434086987A60B9 /* DMSans-MediumItalic.ttf */ = {isa = PBXFileReference; name = "DMSans-MediumItalic.ttf"; path = "../assets/fonts/DMSans-MediumItalic.ttf"; sourceTree = "<group>"; fileEncoding = undefined; lastKnownFileType = unknown; explicitFileType = undefined; includeInIndex = 0; };
		1286DC626E5C472AA3F00D3A /* DMSans-Regular.ttf */ = {isa = PBXFileReference; name = "DMSans-Regular.ttf"; path = "../assets/fonts/DMSans-Regular.ttf"; sourceTree = "<group>"; fileEncoding = undefined; lastKnownFileType = unknown; explicitFileType = undefined; includeInIndex = 0; };
		9BDE04BAED80495A9CC6F12E /* DMSans-SemiBold.ttf */ = {isa = PBXFileReference; name = "DMSans-SemiBold.ttf"; path = "../assets/fonts/DMSans-SemiBold.ttf"; sourceTree = "<group>"; fileEncoding = undefined; lastKnownFileType = unknown; explicitFileType = undefined; includeInIndex = 0; };
		7AD763EBFF1D46FA981BFA4D /* DMSans-SemiBoldItalic.ttf */ = {isa = PBXFileReference; name = "DMSans-SemiBoldItalic.ttf"; path = "../assets/fonts/DMSans-SemiBoldItalic.ttf"; sourceTree = "<group>"; fileEncoding = undefined; lastKnownFileType = unknown; explicitFileType = undefined; includeInIndex = 0; };
		1B232E3947C14C45958B7C26 /* DMSans-Thin.ttf */ = {isa = PBXFileReference; name = "DMSans-Thin.ttf"; path = "../assets/fonts/DMSans-Thin.ttf"; sourceTree = "<group>"; fileEncoding = undefined; lastKnownFileType = unknown; explicitFileType = undefined; includeInIndex = 0; };
		A1020996F4224469BB96506D /* DMSans-ThinItalic.ttf */ = {isa = PBXFileReference; name = "DMSans-ThinItalic.ttf"; path = "../assets/fonts/DMSans-ThinItalic.ttf"; sourceTree = "<group>"; fileEncoding = undefined; lastKnownFileType = unknown; explicitFileType = undefined; includeInIndex = 0; };
		AF80FBED238F488B8C91922E /* DMSans_18pt-Black.ttf */ = {isa = PBXFileReference; name = "DMSans_18pt-Black.ttf"; path = "../assets/fonts/DMSans_18pt-Black.ttf"; sourceTree = "<group>"; fileEncoding = undefined; lastKnownFileType = unknown; explicitFileType = undefined; includeInIndex = 0; };
		81E370DAACAB4F5A86C49450 /* DMSans_18pt-BlackItalic.ttf */ = {isa = PBXFileReference; name = "DMSans_18pt-BlackItalic.ttf"; path = "../assets/fonts/DMSans_18pt-BlackItalic.ttf"; sourceTree = "<group>"; fileEncoding = undefined; lastKnownFileType = unknown; explicitFileType = undefined; includeInIndex = 0; };
		A3D29F49597E49C2B7076712 /* DMSans_18pt-Bold.ttf */ = {isa = PBXFileReference; name = "DMSans_18pt-Bold.ttf"; path = "../assets/fonts/DMSans_18pt-Bold.ttf"; sourceTree = "<group>"; fileEncoding = undefined; lastKnownFileType = unknown; explicitFileType = undefined; includeInIndex = 0; };
		84DF4B5AF1EF465182519ADA /* DMSans_18pt-BoldItalic.ttf */ = {isa = PBXFileReference; name = "DMSans_18pt-BoldItalic.ttf"; path = "../assets/fonts/DMSans_18pt-BoldItalic.ttf"; sourceTree = "<group>"; fileEncoding = undefined; lastKnownFileType = unknown; explicitFileType = undefined; includeInIndex = 0; };
		F5CA4588C11F4A57A3950C62 /* DMSans_18pt-ExtraBold.ttf */ = {isa = PBXFileReference; name = "DMSans_18pt-ExtraBold.ttf"; path = "../assets/fonts/DMSans_18pt-ExtraBold.ttf"; sourceTree = "<group>"; fileEncoding = undefined; lastKnownFileType = unknown; explicitFileType = undefined; includeInIndex = 0; };
		DE15A642A4C44FE1AB5818AB /* DMSans_18pt-ExtraBoldItalic.ttf */ = {isa = PBXFileReference; name = "DMSans_18pt-ExtraBoldItalic.ttf"; path = "../assets/fonts/DMSans_18pt-ExtraBoldItalic.ttf"; sourceTree = "<group>"; fileEncoding = undefined; lastKnownFileType = unknown; explicitFileType = undefined; includeInIndex = 0; };
		B6A2CDCA2063469DAE481DEE /* DMSans_18pt-ExtraLight.ttf */ = {isa = PBXFileReference; name = "DMSans_18pt-ExtraLight.ttf"; path = "../assets/fonts/DMSans_18pt-ExtraLight.ttf"; sourceTree = "<group>"; fileEncoding = undefined; lastKnownFileType = unknown; explicitFileType = undefined; includeInIndex = 0; };
		C178409E002040559590D8BA /* DMSans_18pt-ExtraLightItalic.ttf */ = {isa = PBXFileReference; name = "DMSans_18pt-ExtraLightItalic.ttf"; path = "../assets/fonts/DMSans_18pt-ExtraLightItalic.ttf"; sourceTree = "<group>"; fileEncoding = undefined; lastKnownFileType = unknown; explicitFileType = undefined; includeInIndex = 0; };
		4C533853B82545D1A8268B22 /* DMSans_18pt-Italic.ttf */ = {isa = PBXFileReference; name = "DMSans_18pt-Italic.ttf"; path = "../assets/fonts/DMSans_18pt-Italic.ttf"; sourceTree = "<group>"; fileEncoding = undefined; lastKnownFileType = unknown; explicitFileType = undefined; includeInIndex = 0; };
		831631AB460E4143AE9D2673 /* DMSans_18pt-Light.ttf */ = {isa = PBXFileReference; name = "DMSans_18pt-Light.ttf"; path = "../assets/fonts/DMSans_18pt-Light.ttf"; sourceTree = "<group>"; fileEncoding = undefined; lastKnownFileType = unknown; explicitFileType = undefined; includeInIndex = 0; };
		B2D7FBFDBFED40A69FACB664 /* DMSans_18pt-LightItalic.ttf */ = {isa = PBXFileReference; name = "DMSans_18pt-LightItalic.ttf"; path = "../assets/fonts/DMSans_18pt-LightItalic.ttf"; sourceTree = "<group>"; fileEncoding = undefined; lastKnownFileType = unknown; explicitFileType = undefined; includeInIndex = 0; };
		852A6675CBE74E3BA055317D /* DMSans_18pt-Medium.ttf */ = {isa = PBXFileReference; name = "DMSans_18pt-Medium.ttf"; path = "../assets/fonts/DMSans_18pt-Medium.ttf"; sourceTree = "<group>"; fileEncoding = undefined; lastKnownFileType = unknown; explicitFileType = undefined; includeInIndex = 0; };
		D9F998D850B447F390EE1234 /* DMSans_18pt-MediumItalic.ttf */ = {isa = PBXFileReference; name = "DMSans_18pt-MediumItalic.ttf"; path = "../assets/fonts/DMSans_18pt-MediumItalic.ttf"; sourceTree = "<group>"; fileEncoding = undefined; lastKnownFileType = unknown; explicitFileType = undefined; includeInIndex = 0; };
		67AF9D5632B34DC582BC1428 /* DMSans_18pt-Regular.ttf */ = {isa = PBXFileReference; name = "DMSans_18pt-Regular.ttf"; path = "../assets/fonts/DMSans_18pt-Regular.ttf"; sourceTree = "<group>"; fileEncoding = undefined; lastKnownFileType = unknown; explicitFileType = undefined; includeInIndex = 0; };
		9A83BC8F2B8041E59DB76663 /* DMSans_18pt-SemiBold.ttf */ = {isa = PBXFileReference; name = "DMSans_18pt-SemiBold.ttf"; path = "../assets/fonts/DMSans_18pt-SemiBold.ttf"; sourceTree = "<group>"; fileEncoding = undefined; lastKnownFileType = unknown; explicitFileType = undefined; includeInIndex = 0; };
		01558227D4664367AD17BA9A /* DMSans_18pt-SemiBoldItalic.ttf */ = {isa = PBXFileReference; name = "DMSans_18pt-SemiBoldItalic.ttf"; path = "../assets/fonts/DMSans_18pt-SemiBoldItalic.ttf"; sourceTree = "<group>"; fileEncoding = undefined; lastKnownFileType = unknown; explicitFileType = undefined; includeInIndex = 0; };
		438E20C1FD4E457E8428AEE0 /* DMSans_18pt-Thin.ttf */ = {isa = PBXFileReference; name = "DMSans_18pt-Thin.ttf"; path = "../assets/fonts/DMSans_18pt-Thin.ttf"; sourceTree = "<group>"; fileEncoding = undefined; lastKnownFileType = unknown; explicitFileType = undefined; includeInIndex = 0; };
		6096FC92D720499592AB823E /* DMSans_18pt-ThinItalic.ttf */ = {isa = PBXFileReference; name = "DMSans_18pt-ThinItalic.ttf"; path = "../assets/fonts/DMSans_18pt-ThinItalic.ttf"; sourceTree = "<group>"; fileEncoding = undefined; lastKnownFileType = unknown; explicitFileType = undefined; includeInIndex = 0; };
		B9C632926769492FBF6EC738 /* DMSans_24pt-Black.ttf */ = {isa = PBXFileReference; name = "DMSans_24pt-Black.ttf"; path = "../assets/fonts/DMSans_24pt-Black.ttf"; sourceTree = "<group>"; fileEncoding = undefined; lastKnownFileType = unknown; explicitFileType = undefined; includeInIndex = 0; };
		34E22DD229CF444A8907248D /* DMSans_24pt-BlackItalic.ttf */ = {isa = PBXFileReference; name = "DMSans_24pt-BlackItalic.ttf"; path = "../assets/fonts/DMSans_24pt-BlackItalic.ttf"; sourceTree = "<group>"; fileEncoding = undefined; lastKnownFileType = unknown; explicitFileType = undefined; includeInIndex = 0; };
		0F90809E20584B2A9ABCE46A /* DMSans_24pt-Bold.ttf */ = {isa = PBXFileReference; name = "DMSans_24pt-Bold.ttf"; path = "../assets/fonts/DMSans_24pt-Bold.ttf"; sourceTree = "<group>"; fileEncoding = undefined; lastKnownFileType = unknown; explicitFileType = undefined; includeInIndex = 0; };
		2107D09D4EBC4F0A96D21223 /* DMSans_24pt-BoldItalic.ttf */ = {isa = PBXFileReference; name = "DMSans_24pt-BoldItalic.ttf"; path = "../assets/fonts/DMSans_24pt-BoldItalic.ttf"; sourceTree = "<group>"; fileEncoding = undefined; lastKnownFileType = unknown; explicitFileType = undefined; includeInIndex = 0; };
		9521F902817644F69F561513 /* DMSans_24pt-ExtraBold.ttf */ = {isa = PBXFileReference; name = "DMSans_24pt-ExtraBold.ttf"; path = "../assets/fonts/DMSans_24pt-ExtraBold.ttf"; sourceTree = "<group>"; fileEncoding = undefined; lastKnownFileType = unknown; explicitFileType = undefined; includeInIndex = 0; };
		5E50C7DE7623428BA3AF9256 /* DMSans_24pt-ExtraBoldItalic.ttf */ = {isa = PBXFileReference; name = "DMSans_24pt-ExtraBoldItalic.ttf"; path = "../assets/fonts/DMSans_24pt-ExtraBoldItalic.ttf"; sourceTree = "<group>"; fileEncoding = undefined; lastKnownFileType = unknown; explicitFileType = undefined; includeInIndex = 0; };
		7C80B8F876B94A5EA7E959F6 /* DMSans_24pt-ExtraLight.ttf */ = {isa = PBXFileReference; name = "DMSans_24pt-ExtraLight.ttf"; path = "../assets/fonts/DMSans_24pt-ExtraLight.ttf"; sourceTree = "<group>"; fileEncoding = undefined; lastKnownFileType = unknown; explicitFileType = undefined; includeInIndex = 0; };
		48A477292A254E1D92385DE5 /* DMSans_24pt-ExtraLightItalic.ttf */ = {isa = PBXFileReference; name = "DMSans_24pt-ExtraLightItalic.ttf"; path = "../assets/fonts/DMSans_24pt-ExtraLightItalic.ttf"; sourceTree = "<group>"; fileEncoding = undefined; lastKnownFileType = unknown; explicitFileType = undefined; includeInIndex = 0; };
		BF861C085706416883C786ED /* DMSans_24pt-Italic.ttf */ = {isa = PBXFileReference; name = "DMSans_24pt-Italic.ttf"; path = "../assets/fonts/DMSans_24pt-Italic.ttf"; sourceTree = "<group>"; fileEncoding = undefined; lastKnownFileType = unknown; explicitFileType = undefined; includeInIndex = 0; };
		EECBC977861A4422B6654938 /* DMSans_24pt-Light.ttf */ = {isa = PBXFileReference; name = "DMSans_24pt-Light.ttf"; path = "../assets/fonts/DMSans_24pt-Light.ttf"; sourceTree = "<group>"; fileEncoding = undefined; lastKnownFileType = unknown; explicitFileType = undefined; includeInIndex = 0; };
		AC377BBF3D564B5EB4E82E1D /* DMSans_24pt-LightItalic.ttf */ = {isa = PBXFileReference; name = "DMSans_24pt-LightItalic.ttf"; path = "../assets/fonts/DMSans_24pt-LightItalic.ttf"; sourceTree = "<group>"; fileEncoding = undefined; lastKnownFileType = unknown; explicitFileType = undefined; includeInIndex = 0; };
		B70D9B292D7A40CDAB66314A /* DMSans_24pt-Medium.ttf */ = {isa = PBXFileReference; name = "DMSans_24pt-Medium.ttf"; path = "../assets/fonts/DMSans_24pt-Medium.ttf"; sourceTree = "<group>"; fileEncoding = undefined; lastKnownFileType = unknown; explicitFileType = undefined; includeInIndex = 0; };
		F31542EF5A914F78B67E9B29 /* DMSans_24pt-MediumItalic.ttf */ = {isa = PBXFileReference; name = "DMSans_24pt-MediumItalic.ttf"; path = "../assets/fonts/DMSans_24pt-MediumItalic.ttf"; sourceTree = "<group>"; fileEncoding = undefined; lastKnownFileType = unknown; explicitFileType = undefined; includeInIndex = 0; };
		CA9BA4520B8C488D92FE3BCF /* DMSans_24pt-Regular.ttf */ = {isa = PBXFileReference; name = "DMSans_24pt-Regular.ttf"; path = "../assets/fonts/DMSans_24pt-Regular.ttf"; sourceTree = "<group>"; fileEncoding = undefined; lastKnownFileType = unknown; explicitFileType = undefined; includeInIndex = 0; };
		38E62C6CE366489BA53000F1 /* DMSans_24pt-SemiBold.ttf */ = {isa = PBXFileReference; name = "DMSans_24pt-SemiBold.ttf"; path = "../assets/fonts/DMSans_24pt-SemiBold.ttf"; sourceTree = "<group>"; fileEncoding = undefined; lastKnownFileType = unknown; explicitFileType = undefined; includeInIndex = 0; };
		A0FE6026B5B644938CAA4FBB /* DMSans_24pt-SemiBoldItalic.ttf */ = {isa = PBXFileReference; name = "DMSans_24pt-SemiBoldItalic.ttf"; path = "../assets/fonts/DMSans_24pt-SemiBoldItalic.ttf"; sourceTree = "<group>"; fileEncoding = undefined; lastKnownFileType = unknown; explicitFileType = undefined; includeInIndex = 0; };
		92366FEB31564C62AD81BF2C /* DMSans_24pt-Thin.ttf */ = {isa = PBXFileReference; name = "DMSans_24pt-Thin.ttf"; path = "../assets/fonts/DMSans_24pt-Thin.ttf"; sourceTree = "<group>"; fileEncoding = undefined; lastKnownFileType = unknown; explicitFileType = undefined; includeInIndex = 0; };
		EC8BA8D0DC8E4ACD942767A2 /* DMSans_24pt-ThinItalic.ttf */ = {isa = PBXFileReference; name = "DMSans_24pt-ThinItalic.ttf"; path = "../assets/fonts/DMSans_24pt-ThinItalic.ttf"; sourceTree = "<group>"; fileEncoding = undefined; lastKnownFileType = unknown; explicitFileType = undefined; includeInIndex = 0; };
		F01DEA68B5A54E68B4B46C9C /* DMSans_36pt-Black.ttf */ = {isa = PBXFileReference; name = "DMSans_36pt-Black.ttf"; path = "../assets/fonts/DMSans_36pt-Black.ttf"; sourceTree = "<group>"; fileEncoding = undefined; lastKnownFileType = unknown; explicitFileType = undefined; includeInIndex = 0; };
		5E5E09D61ACD42C2B23C8620 /* DMSans_36pt-BlackItalic.ttf */ = {isa = PBXFileReference; name = "DMSans_36pt-BlackItalic.ttf"; path = "../assets/fonts/DMSans_36pt-BlackItalic.ttf"; sourceTree = "<group>"; fileEncoding = undefined; lastKnownFileType = unknown; explicitFileType = undefined; includeInIndex = 0; };
		A97D477BA3D14C39BA785DDB /* DMSans_36pt-Bold.ttf */ = {isa = PBXFileReference; name = "DMSans_36pt-Bold.ttf"; path = "../assets/fonts/DMSans_36pt-Bold.ttf"; sourceTree = "<group>"; fileEncoding = undefined; lastKnownFileType = unknown; explicitFileType = undefined; includeInIndex = 0; };
		07A59DFBA87F464E8DEF4BEF /* DMSans_36pt-BoldItalic.ttf */ = {isa = PBXFileReference; name = "DMSans_36pt-BoldItalic.ttf"; path = "../assets/fonts/DMSans_36pt-BoldItalic.ttf"; sourceTree = "<group>"; fileEncoding = undefined; lastKnownFileType = unknown; explicitFileType = undefined; includeInIndex = 0; };
		1B2E9F9AC8A6463B8914D64A /* DMSans_36pt-ExtraBold.ttf */ = {isa = PBXFileReference; name = "DMSans_36pt-ExtraBold.ttf"; path = "../assets/fonts/DMSans_36pt-ExtraBold.ttf"; sourceTree = "<group>"; fileEncoding = undefined; lastKnownFileType = unknown; explicitFileType = undefined; includeInIndex = 0; };
		3FE828884D0C4E1EAC696670 /* DMSans_36pt-ExtraBoldItalic.ttf */ = {isa = PBXFileReference; name = "DMSans_36pt-ExtraBoldItalic.ttf"; path = "../assets/fonts/DMSans_36pt-ExtraBoldItalic.ttf"; sourceTree = "<group>"; fileEncoding = undefined; lastKnownFileType = unknown; explicitFileType = undefined; includeInIndex = 0; };
		66BF22CF39E848C49746B0E1 /* DMSans_36pt-ExtraLight.ttf */ = {isa = PBXFileReference; name = "DMSans_36pt-ExtraLight.ttf"; path = "../assets/fonts/DMSans_36pt-ExtraLight.ttf"; sourceTree = "<group>"; fileEncoding = undefined; lastKnownFileType = unknown; explicitFileType = undefined; includeInIndex = 0; };
		0071264E24514EE3BE3D9D22 /* DMSans_36pt-ExtraLightItalic.ttf */ = {isa = PBXFileReference; name = "DMSans_36pt-ExtraLightItalic.ttf"; path = "../assets/fonts/DMSans_36pt-ExtraLightItalic.ttf"; sourceTree = "<group>"; fileEncoding = undefined; lastKnownFileType = unknown; explicitFileType = undefined; includeInIndex = 0; };
		9FE493B122044118B6A8F1F8 /* DMSans_36pt-Italic.ttf */ = {isa = PBXFileReference; name = "DMSans_36pt-Italic.ttf"; path = "../assets/fonts/DMSans_36pt-Italic.ttf"; sourceTree = "<group>"; fileEncoding = undefined; lastKnownFileType = unknown; explicitFileType = undefined; includeInIndex = 0; };
		DC8543A111554D54B8ABC9BC /* DMSans_36pt-Light.ttf */ = {isa = PBXFileReference; name = "DMSans_36pt-Light.ttf"; path = "../assets/fonts/DMSans_36pt-Light.ttf"; sourceTree = "<group>"; fileEncoding = undefined; lastKnownFileType = unknown; explicitFileType = undefined; includeInIndex = 0; };
		63B3362A515E49DB90506213 /* DMSans_36pt-LightItalic.ttf */ = {isa = PBXFileReference; name = "DMSans_36pt-LightItalic.ttf"; path = "../assets/fonts/DMSans_36pt-LightItalic.ttf"; sourceTree = "<group>"; fileEncoding = undefined; lastKnownFileType = unknown; explicitFileType = undefined; includeInIndex = 0; };
		5C1693B0170E4428A527E88A /* DMSans_36pt-Medium.ttf */ = {isa = PBXFileReference; name = "DMSans_36pt-Medium.ttf"; path = "../assets/fonts/DMSans_36pt-Medium.ttf"; sourceTree = "<group>"; fileEncoding = undefined; lastKnownFileType = unknown; explicitFileType = undefined; includeInIndex = 0; };
		31098215E7864B7C8F938D96 /* DMSans_36pt-MediumItalic.ttf */ = {isa = PBXFileReference; name = "DMSans_36pt-MediumItalic.ttf"; path = "../assets/fonts/DMSans_36pt-MediumItalic.ttf"; sourceTree = "<group>"; fileEncoding = undefined; lastKnownFileType = unknown; explicitFileType = undefined; includeInIndex = 0; };
		F64D7142E4DE4D2BBABA63D2 /* DMSans_36pt-Regular.ttf */ = {isa = PBXFileReference; name = "DMSans_36pt-Regular.ttf"; path = "../assets/fonts/DMSans_36pt-Regular.ttf"; sourceTree = "<group>"; fileEncoding = undefined; lastKnownFileType = unknown; explicitFileType = undefined; includeInIndex = 0; };
		1EB7AEED669142DCB775A4AC /* DMSans_36pt-SemiBold.ttf */ = {isa = PBXFileReference; name = "DMSans_36pt-SemiBold.ttf"; path = "../assets/fonts/DMSans_36pt-SemiBold.ttf"; sourceTree = "<group>"; fileEncoding = undefined; lastKnownFileType = unknown; explicitFileType = undefined; includeInIndex = 0; };
		7F48E64EFBD44C9A9353946C /* DMSans_36pt-SemiBoldItalic.ttf */ = {isa = PBXFileReference; name = "DMSans_36pt-SemiBoldItalic.ttf"; path = "../assets/fonts/DMSans_36pt-SemiBoldItalic.ttf"; sourceTree = "<group>"; fileEncoding = undefined; lastKnownFileType = unknown; explicitFileType = undefined; includeInIndex = 0; };
		9A757CD8E1A343589CDDE4A8 /* DMSans_36pt-Thin.ttf */ = {isa = PBXFileReference; name = "DMSans_36pt-Thin.ttf"; path = "../assets/fonts/DMSans_36pt-Thin.ttf"; sourceTree = "<group>"; fileEncoding = undefined; lastKnownFileType = unknown; explicitFileType = undefined; includeInIndex = 0; };
		CE360E06044D4B558BDD161D /* DMSans_36pt-ThinItalic.ttf */ = {isa = PBXFileReference; name = "DMSans_36pt-ThinItalic.ttf"; path = "../assets/fonts/DMSans_36pt-ThinItalic.ttf"; sourceTree = "<group>"; fileEncoding = undefined; lastKnownFileType = unknown; explicitFileType = undefined; includeInIndex = 0; };
/* End PBXFileReference section */

/* Begin PBXFrameworksBuildPhase section */
		00E356EB1AD99517003FC87E /* Frameworks */ = {
			isa = PBXFrameworksBuildPhase;
			buildActionMask = 2147483647;
			files = (
				36FFFE2C22B25EB9B4F7F9A7 /* Pods_flydroneapp_flydroneappTests.framework in Frameworks */,
			);
			runOnlyForDeploymentPostprocessing = 0;
		};
		13B07F8C1A680F5B00A75B9A /* Frameworks */ = {
			isa = PBXFrameworksBuildPhase;
			buildActionMask = 2147483647;
			files = (
				5839BC116A80D0FE62E96CEC /* Pods_flydroneapp.framework in Frameworks */,
			);
			runOnlyForDeploymentPostprocessing = 0;
		};
/* End PBXFrameworksBuildPhase section */

/* Begin PBXGroup section */
		00E356EF1AD99517003FC87E /* flydroneappTests */ = {
			isa = PBXGroup;
			children = (
				00E356F21AD99517003FC87E /* flydroneappTests.m */,
				00E356F01AD99517003FC87E /* Supporting Files */,
			);
			path = flydroneappTests;
			sourceTree = "<group>";
		};
		00E356F01AD99517003FC87E /* Supporting Files */ = {
			isa = PBXGroup;
			children = (
				00E356F11AD99517003FC87E /* Info.plist */,
			);
			name = "Supporting Files";
			sourceTree = "<group>";
		};
		13B07FAE1A68108700A75B9A /* flydroneapp */ = {
			isa = PBXGroup;
			children = (
				13B07FAF1A68108700A75B9A /* AppDelegate.h */,
				13B07FB01A68108700A75B9A /* AppDelegate.mm */,
				13B07FB51A68108700A75B9A /* Images.xcassets */,
				13B07FB61A68108700A75B9A /* Info.plist */,
				81AB9BB72411601600AC10FF /* LaunchScreen.storyboard */,
				13B07FB71A68108700A75B9A /* main.m */,
				13B07FB81A68108700A75B9A /* PrivacyInfo.xcprivacy */,
				1709E6D284A4DDF15F52C118 /* PrivacyInfo.xcprivacy */,
			);
			name = flydroneapp;
			sourceTree = "<group>";
		};
		2D16E6871FA4F8E400B85C8A /* Frameworks */ = {
			isa = PBXGroup;
			children = (
				ED297162215061F000B7C4FE /* JavaScriptCore.framework */,
				734429BFBBE9279D3444517C /* Pods_flydroneapp.framework */,
				62DF2E01F92A3128591267F0 /* Pods_flydroneapp_flydroneappTests.framework */,
			);
			name = Frameworks;
			sourceTree = "<group>";
		};
		832341AE1AAA6A7D00B99B32 /* Libraries */ = {
			isa = PBXGroup;
			children = (
			);
			name = Libraries;
			sourceTree = "<group>";
		};
		83CBB9F61A601CBA00E9B192 = {
			isa = PBXGroup;
			children = (
				B58561272CA533E300D52204 /* GoogleService-Info.plist */,
				13B07FAE1A68108700A75B9A /* flydroneapp */,
				832341AE1AAA6A7D00B99B32 /* Libraries */,
				00E356EF1AD99517003FC87E /* flydroneappTests */,
				83CBBA001A601CBA00E9B192 /* Products */,
				2D16E6871FA4F8E400B85C8A /* Frameworks */,
				BBD78D7AC51CEA395F1C20DB /* Pods */,
				EE49B2F532D34E25992C2877 /* Resources */,
			);
			indentWidth = 2;
			sourceTree = "<group>";
			tabWidth = 2;
			usesTabs = 0;
		};
		83CBBA001A601CBA00E9B192 /* Products */ = {
			isa = PBXGroup;
			children = (
				13B07F961A680F5B00A75B9A /* flydroneapp.app */,
				00E356EE1AD99517003FC87E /* flydroneappTests.xctest */,
			);
			name = Products;
			sourceTree = "<group>";
		};
		BBD78D7AC51CEA395F1C20DB /* Pods */ = {
			isa = PBXGroup;
			children = (
				3B4392A12AC88292D35C810B /* Pods-flydroneapp.debug.xcconfig */,
				5709B34CF0A7D63546082F79 /* Pods-flydroneapp.release.xcconfig */,
				5B7EB9410499542E8C5724F5 /* Pods-flydroneapp-flydroneappTests.debug.xcconfig */,
				89C6BE57DB24E9ADA2F236DE /* Pods-flydroneapp-flydroneappTests.release.xcconfig */,
			);
			path = Pods;
			sourceTree = "<group>";
		};
		EE49B2F532D34E25992C2877 /* Resources */ = {
			isa = "PBXGroup";
			children = (
				F09DEC9A3FD64E21817CDD49 /* DMSans-Black.ttf */,
				8AE7D0CF16EA49EA87E2C277 /* DMSans-BlackItalic.ttf */,
				821A18B7B0C541D8B9064F91 /* DMSans-Bold.ttf */,
				D53C795EC5ED4C6B993C6D07 /* DMSans-BoldItalic.ttf */,
				9471D8EC228D4B1DA9092D33 /* DMSans-ExtraBold.ttf */,
				B9552B5E1F5E45C0BF70496E /* DMSans-ExtraBoldItalic.ttf */,
				A092D1CCA46448FEAA90DC77 /* DMSans-ExtraLight.ttf */,
				BC95435B26754A0DB9F8A8D6 /* DMSans-ExtraLightItalic.ttf */,
				FBC85673110F42C6A43AA6B5 /* DMSans-Italic.ttf */,
				B3BF564F2ED9403A9EA93728 /* DMSans-Light.ttf */,
				5E2AA84C2AC047F08D993607 /* DMSans-LightItalic.ttf */,
				D29E79A6D7E54C26A9BA96F1 /* DMSans-Medium.ttf */,
				18E8841FAB434086987A60B9 /* DMSans-MediumItalic.ttf */,
				1286DC626E5C472AA3F00D3A /* DMSans-Regular.ttf */,
				9BDE04BAED80495A9CC6F12E /* DMSans-SemiBold.ttf */,
				7AD763EBFF1D46FA981BFA4D /* DMSans-SemiBoldItalic.ttf */,
				1B232E3947C14C45958B7C26 /* DMSans-Thin.ttf */,
				A1020996F4224469BB96506D /* DMSans-ThinItalic.ttf */,
				AF80FBED238F488B8C91922E /* DMSans_18pt-Black.ttf */,
				81E370DAACAB4F5A86C49450 /* DMSans_18pt-BlackItalic.ttf */,
				A3D29F49597E49C2B7076712 /* DMSans_18pt-Bold.ttf */,
				84DF4B5AF1EF465182519ADA /* DMSans_18pt-BoldItalic.ttf */,
				F5CA4588C11F4A57A3950C62 /* DMSans_18pt-ExtraBold.ttf */,
				DE15A642A4C44FE1AB5818AB /* DMSans_18pt-ExtraBoldItalic.ttf */,
				B6A2CDCA2063469DAE481DEE /* DMSans_18pt-ExtraLight.ttf */,
				C178409E002040559590D8BA /* DMSans_18pt-ExtraLightItalic.ttf */,
				4C533853B82545D1A8268B22 /* DMSans_18pt-Italic.ttf */,
				831631AB460E4143AE9D2673 /* DMSans_18pt-Light.ttf */,
				B2D7FBFDBFED40A69FACB664 /* DMSans_18pt-LightItalic.ttf */,
				852A6675CBE74E3BA055317D /* DMSans_18pt-Medium.ttf */,
				D9F998D850B447F390EE1234 /* DMSans_18pt-MediumItalic.ttf */,
				67AF9D5632B34DC582BC1428 /* DMSans_18pt-Regular.ttf */,
				9A83BC8F2B8041E59DB76663 /* DMSans_18pt-SemiBold.ttf */,
				01558227D4664367AD17BA9A /* DMSans_18pt-SemiBoldItalic.ttf */,
				438E20C1FD4E457E8428AEE0 /* DMSans_18pt-Thin.ttf */,
				6096FC92D720499592AB823E /* DMSans_18pt-ThinItalic.ttf */,
				B9C632926769492FBF6EC738 /* DMSans_24pt-Black.ttf */,
				34E22DD229CF444A8907248D /* DMSans_24pt-BlackItalic.ttf */,
				0F90809E20584B2A9ABCE46A /* DMSans_24pt-Bold.ttf */,
				2107D09D4EBC4F0A96D21223 /* DMSans_24pt-BoldItalic.ttf */,
				9521F902817644F69F561513 /* DMSans_24pt-ExtraBold.ttf */,
				5E50C7DE7623428BA3AF9256 /* DMSans_24pt-ExtraBoldItalic.ttf */,
				7C80B8F876B94A5EA7E959F6 /* DMSans_24pt-ExtraLight.ttf */,
				48A477292A254E1D92385DE5 /* DMSans_24pt-ExtraLightItalic.ttf */,
				BF861C085706416883C786ED /* DMSans_24pt-Italic.ttf */,
				EECBC977861A4422B6654938 /* DMSans_24pt-Light.ttf */,
				AC377BBF3D564B5EB4E82E1D /* DMSans_24pt-LightItalic.ttf */,
				B70D9B292D7A40CDAB66314A /* DMSans_24pt-Medium.ttf */,
				F31542EF5A914F78B67E9B29 /* DMSans_24pt-MediumItalic.ttf */,
				CA9BA4520B8C488D92FE3BCF /* DMSans_24pt-Regular.ttf */,
				38E62C6CE366489BA53000F1 /* DMSans_24pt-SemiBold.ttf */,
				A0FE6026B5B644938CAA4FBB /* DMSans_24pt-SemiBoldItalic.ttf */,
				92366FEB31564C62AD81BF2C /* DMSans_24pt-Thin.ttf */,
				EC8BA8D0DC8E4ACD942767A2 /* DMSans_24pt-ThinItalic.ttf */,
				F01DEA68B5A54E68B4B46C9C /* DMSans_36pt-Black.ttf */,
				5E5E09D61ACD42C2B23C8620 /* DMSans_36pt-BlackItalic.ttf */,
				A97D477BA3D14C39BA785DDB /* DMSans_36pt-Bold.ttf */,
				07A59DFBA87F464E8DEF4BEF /* DMSans_36pt-BoldItalic.ttf */,
				1B2E9F9AC8A6463B8914D64A /* DMSans_36pt-ExtraBold.ttf */,
				3FE828884D0C4E1EAC696670 /* DMSans_36pt-ExtraBoldItalic.ttf */,
				66BF22CF39E848C49746B0E1 /* DMSans_36pt-ExtraLight.ttf */,
				0071264E24514EE3BE3D9D22 /* DMSans_36pt-ExtraLightItalic.ttf */,
				9FE493B122044118B6A8F1F8 /* DMSans_36pt-Italic.ttf */,
				DC8543A111554D54B8ABC9BC /* DMSans_36pt-Light.ttf */,
				63B3362A515E49DB90506213 /* DMSans_36pt-LightItalic.ttf */,
				5C1693B0170E4428A527E88A /* DMSans_36pt-Medium.ttf */,
				31098215E7864B7C8F938D96 /* DMSans_36pt-MediumItalic.ttf */,
				F64D7142E4DE4D2BBABA63D2 /* DMSans_36pt-Regular.ttf */,
				1EB7AEED669142DCB775A4AC /* DMSans_36pt-SemiBold.ttf */,
				7F48E64EFBD44C9A9353946C /* DMSans_36pt-SemiBoldItalic.ttf */,
				9A757CD8E1A343589CDDE4A8 /* DMSans_36pt-Thin.ttf */,
				CE360E06044D4B558BDD161D /* DMSans_36pt-ThinItalic.ttf */,
			);
			name = Resources;
			sourceTree = "<group>";
			path = "";
		};
/* End PBXGroup section */

/* Begin PBXNativeTarget section */
		00E356ED1AD99517003FC87E /* flydroneappTests */ = {
			isa = PBXNativeTarget;
			buildConfigurationList = 00E357021AD99517003FC87E /* Build configuration list for PBXNativeTarget "flydroneappTests" */;
			buildPhases = (
				A55EABD7B0C7F3A422A6CC61 /* [CP] Check Pods Manifest.lock */,
				00E356EA1AD99517003FC87E /* Sources */,
				00E356EB1AD99517003FC87E /* Frameworks */,
				00E356EC1AD99517003FC87E /* Resources */,
				F6A41C54EA430FDDC6A6ED99 /* [CP] Copy Pods Resources */,
				57A1005ACAF5F4353B2D2A75 /* [CP] Embed Pods Frameworks */,
			);
			buildRules = (
			);
			dependencies = (
				00E356F51AD99517003FC87E /* PBXTargetDependency */,
			);
			name = flydroneappTests;
			productName = flydroneappTests;
			productReference = 00E356EE1AD99517003FC87E /* flydroneappTests.xctest */;
			productType = "com.apple.product-type.bundle.unit-test";
		};
		13B07F861A680F5B00A75B9A /* flydroneapp */ = {
			isa = PBXNativeTarget;
			buildConfigurationList = 13B07F931A680F5B00A75B9A /* Build configuration list for PBXNativeTarget "flydroneapp" */;
			buildPhases = (
				C38B50BA6285516D6DCD4F65 /* [CP] Check Pods Manifest.lock */,
				13B07F871A680F5B00A75B9A /* Sources */,
				13B07F8C1A680F5B00A75B9A /* Frameworks */,
				13B07F8E1A680F5B00A75B9A /* Resources */,
				00DD1BFF1BD5951E006B06BC /* Bundle React Native code and images */,
				E235C05ADACE081382539298 /* [CP] Copy Pods Resources */,
				4DDC0851434797F2E905828A /* [CP-User] [RNFB] Core Configuration */,
				F737289A6923131633B59F1C /* [CP] Embed Pods Frameworks */,
			);
			buildRules = (
			);
			dependencies = (
			);
			name = flydroneapp;
			productName = flydroneapp;
			productReference = 13B07F961A680F5B00A75B9A /* flydroneapp.app */;
			productType = "com.apple.product-type.application";
		};
/* End PBXNativeTarget section */

/* Begin PBXProject section */
		83CBB9F71A601CBA00E9B192 /* Project object */ = {
			isa = PBXProject;
			attributes = {
				LastUpgradeCheck = 1210;
				TargetAttributes = {
					00E356ED1AD99517003FC87E = {
						CreatedOnToolsVersion = 6.2;
						TestTargetID = 13B07F861A680F5B00A75B9A;
					};
					13B07F861A680F5B00A75B9A = {
						LastSwiftMigration = 1120;
					};
				};
			};
			buildConfigurationList = 83CBB9FA1A601CBA00E9B192 /* Build configuration list for PBXProject "flydroneapp" */;
			compatibilityVersion = "Xcode 12.0";
			developmentRegion = en;
			hasScannedForEncodings = 0;
			knownRegions = (
				en,
				Base,
			);
			mainGroup = 83CBB9F61A601CBA00E9B192;
			productRefGroup = 83CBBA001A601CBA00E9B192 /* Products */;
			projectDirPath = "";
			projectRoot = "";
			targets = (
				13B07F861A680F5B00A75B9A /* flydroneapp */,
				00E356ED1AD99517003FC87E /* flydroneappTests */,
			);
		};
/* End PBXProject section */

/* Begin PBXResourcesBuildPhase section */
		00E356EC1AD99517003FC87E /* Resources */ = {
			isa = PBXResourcesBuildPhase;
			buildActionMask = 2147483647;
			files = (
			);
			runOnlyForDeploymentPostprocessing = 0;
		};
		13B07F8E1A680F5B00A75B9A /* Resources */ = {
			isa = PBXResourcesBuildPhase;
			buildActionMask = 2147483647;
			files = (
				81AB9BB82411601600AC10FF /* LaunchScreen.storyboard in Resources */,
				B58561282CA533E300D52204 /* GoogleService-Info.plist in Resources */,
				13B07FBF1A68108700A75B9A /* Images.xcassets in Resources */,
				1738CCDFB9D80A1999D1C15F /* PrivacyInfo.xcprivacy in Resources */,
				46B3894452F3477599586349 /* DMSans-Black.ttf in Resources */,
				D1233D19D2FF40058E5669A9 /* DMSans-BlackItalic.ttf in Resources */,
				CF20F42092BB42E8BEE7CF56 /* DMSans-Bold.ttf in Resources */,
				344377D3C7D24BB9B7FBCDDC /* DMSans-BoldItalic.ttf in Resources */,
				DA5F839D0CA54D3CB64B296A /* DMSans-ExtraBold.ttf in Resources */,
				7B612402AD8C42709D00947D /* DMSans-ExtraBoldItalic.ttf in Resources */,
				128AF3C1AB574DEA8FB5354B /* DMSans-ExtraLight.ttf in Resources */,
				742639C46B154093BA9D16E6 /* DMSans-ExtraLightItalic.ttf in Resources */,
				319672CEA0DD405494AC579E /* DMSans-Italic.ttf in Resources */,
				01800CEDD63543008BB60A46 /* DMSans-Light.ttf in Resources */,
				74543D2D63564BB0B00BBD2F /* DMSans-LightItalic.ttf in Resources */,
				20CF9BF931964106A22BE57A /* DMSans-Medium.ttf in Resources */,
				ECF5616F299145F9BDE39D43 /* DMSans-MediumItalic.ttf in Resources */,
				B6E2B299B61B4E6F90900845 /* DMSans-Regular.ttf in Resources */,
				DDA553B28B704A88A005D181 /* DMSans-SemiBold.ttf in Resources */,
				9012123DF1AB467785050BFC /* DMSans-SemiBoldItalic.ttf in Resources */,
				9951A6A278314251A304A2B8 /* DMSans-Thin.ttf in Resources */,
				3C3768EE5B6C46E093AFB7E0 /* DMSans-ThinItalic.ttf in Resources */,
				419533D30DE64AA4AEE027A2 /* DMSans_18pt-Black.ttf in Resources */,
				3AA7EA4CBA4C405186534ADB /* DMSans_18pt-BlackItalic.ttf in Resources */,
				805EF2224D884684A62AF483 /* DMSans_18pt-Bold.ttf in Resources */,
				BC3313672B7E4BC984E3349A /* DMSans_18pt-BoldItalic.ttf in Resources */,
				1A92A14B770A4AEFA11EE000 /* DMSans_18pt-ExtraBold.ttf in Resources */,
				816E5FF336D0429B813706AD /* DMSans_18pt-ExtraBoldItalic.ttf in Resources */,
				67D77926D5594A07BB72A8C0 /* DMSans_18pt-ExtraLight.ttf in Resources */,
				F86187B674F044EABF44100F /* DMSans_18pt-ExtraLightItalic.ttf in Resources */,
				538C73AF02484A7F93BC8771 /* DMSans_18pt-Italic.ttf in Resources */,
				C246AD72898D4EBCBB82E557 /* DMSans_18pt-Light.ttf in Resources */,
				A315DCDD9D374C13996CF7E1 /* DMSans_18pt-LightItalic.ttf in Resources */,
				BFBE1E22886C4A04BC0F4595 /* DMSans_18pt-Medium.ttf in Resources */,
				7443B2A304D047DA9DA3A419 /* DMSans_18pt-MediumItalic.ttf in Resources */,
				F49C122B043D4A09A8E11F68 /* DMSans_18pt-Regular.ttf in Resources */,
				267B6D307BA64376853F8984 /* DMSans_18pt-SemiBold.ttf in Resources */,
				6113BBB9EC5146FE8527DB19 /* DMSans_18pt-SemiBoldItalic.ttf in Resources */,
				8B2EF0259E4144C1BF2BBF5F /* DMSans_18pt-Thin.ttf in Resources */,
				3F749EA58B0E4D379F5C9214 /* DMSans_18pt-ThinItalic.ttf in Resources */,
				B6421501769249F8B77D16EC /* DMSans_24pt-Black.ttf in Resources */,
				14F39E85645E4E5582F99D2C /* DMSans_24pt-BlackItalic.ttf in Resources */,
				57C6DABC07024FDA947FBDDE /* DMSans_24pt-Bold.ttf in Resources */,
				3677531236A64333AA0E8194 /* DMSans_24pt-BoldItalic.ttf in Resources */,
				FFDE8B017EF1432A9C25B8C1 /* DMSans_24pt-ExtraBold.ttf in Resources */,
				EBC4776A750A4CEF8D4DCF81 /* DMSans_24pt-ExtraBoldItalic.ttf in Resources */,
				7528CB4D0A1C42699DA1B119 /* DMSans_24pt-ExtraLight.ttf in Resources */,
				E80F28B9DF6C485F8D790F7D /* DMSans_24pt-ExtraLightItalic.ttf in Resources */,
				9E6B21E98A1441D0B7887EC8 /* DMSans_24pt-Italic.ttf in Resources */,
				B545FB69D03744528011D505 /* DMSans_24pt-Light.ttf in Resources */,
				C97DC494F0E644778A713BC0 /* DMSans_24pt-LightItalic.ttf in Resources */,
				9E8F369BE7BB45DCBCCD8FB0 /* DMSans_24pt-Medium.ttf in Resources */,
				B497C63D4A9C4888BE100A28 /* DMSans_24pt-MediumItalic.ttf in Resources */,
				FF4270EE5DFD4D81936E4805 /* DMSans_24pt-Regular.ttf in Resources */,
				059DB13F47F747469C7D56FB /* DMSans_24pt-SemiBold.ttf in Resources */,
				DC67693E7BA6406F8F40CA4B /* DMSans_24pt-SemiBoldItalic.ttf in Resources */,
				F56D558768FD4C2AAF37768F /* DMSans_24pt-Thin.ttf in Resources */,
				5B31981AA41B444F8A81581E /* DMSans_24pt-ThinItalic.ttf in Resources */,
				8C87BBC543534628BF8B57F5 /* DMSans_36pt-Black.ttf in Resources */,
				98E4CEF1E91A4F7EBA2E231E /* DMSans_36pt-BlackItalic.ttf in Resources */,
				8C3CFF04A7D843D49199D50C /* DMSans_36pt-Bold.ttf in Resources */,
				ED20EBF49AFE4BEBADF33273 /* DMSans_36pt-BoldItalic.ttf in Resources */,
				966546227471454E9102F233 /* DMSans_36pt-ExtraBold.ttf in Resources */,
				FCAD92F1C49B4B5D8D2CAE5B /* DMSans_36pt-ExtraBoldItalic.ttf in Resources */,
				328A94B00D0843F39A2AE752 /* DMSans_36pt-ExtraLight.ttf in Resources */,
				A9AA73674D3B460DA9B69C38 /* DMSans_36pt-ExtraLightItalic.ttf in Resources */,
				35D943BDD2374118B3AE657C /* DMSans_36pt-Italic.ttf in Resources */,
				1660F38C38C742CDBF9AC61E /* DMSans_36pt-Light.ttf in Resources */,
				738931D5C2F44CD9961A6DEE /* DMSans_36pt-LightItalic.ttf in Resources */,
				2AB358A97B80486D99F86542 /* DMSans_36pt-Medium.ttf in Resources */,
				0D4148EF3E9A4A069594BCCC /* DMSans_36pt-MediumItalic.ttf in Resources */,
				C451E8B33AFC4B4B8A375D00 /* DMSans_36pt-Regular.ttf in Resources */,
				51FD3C62499840ACB98ED038 /* DMSans_36pt-SemiBold.ttf in Resources */,
				8842C93F3CAD42ECB40B7765 /* DMSans_36pt-SemiBoldItalic.ttf in Resources */,
				DD297B5F6F76487FBF01826B /* DMSans_36pt-Thin.ttf in Resources */,
				9A012944821E42B3A27E6CFD /* DMSans_36pt-ThinItalic.ttf in Resources */,
			);
			runOnlyForDeploymentPostprocessing = 0;
		};
/* End PBXResourcesBuildPhase section */

/* Begin PBXShellScriptBuildPhase section */
		00DD1BFF1BD5951E006B06BC /* Bundle React Native code and images */ = {
			isa = PBXShellScriptBuildPhase;
			buildActionMask = 8;
			files = (
			);
			inputPaths = (
				"$(SRCROOT)/.xcode.env.local",
				"$(SRCROOT)/.xcode.env",
			);
			name = "Bundle React Native code and images";
			outputPaths = (
			);
			runOnlyForDeploymentPostprocessing = 1;
			shellPath = /bin/sh;
			shellScript = "set -e\n\nWITH_ENVIRONMENT=\"$REACT_NATIVE_PATH/scripts/xcode/with-environment.sh\"\nREACT_NATIVE_XCODE=\"$REACT_NATIVE_PATH/scripts/react-native-xcode.sh\"\n\n/bin/sh -c \"$WITH_ENVIRONMENT $REACT_NATIVE_XCODE\"\n";
		};
		4DDC0851434797F2E905828A /* [CP-User] [RNFB] Core Configuration */ = {
			isa = PBXShellScriptBuildPhase;
			buildActionMask = 2147483647;
			files = (
			);
			inputPaths = (
				"$(BUILT_PRODUCTS_DIR)/$(INFOPLIST_PATH)",
			);
			name = "[CP-User] [RNFB] Core Configuration";
			runOnlyForDeploymentPostprocessing = 0;
			shellPath = /bin/sh;
			shellScript = "#!/usr/bin/env bash\n#\n# Copyright (c) 2016-present Invertase Limited & Contributors\n#\n# Licensed under the Apache License, Version 2.0 (the \"License\");\n# you may not use this library except in compliance with the License.\n# You may obtain a copy of the License at\n#\n#   http://www.apache.org/licenses/LICENSE-2.0\n#\n# Unless required by applicable law or agreed to in writing, software\n# distributed under the License is distributed on an \"AS IS\" BASIS,\n# WITHOUT WARRANTIES OR CONDITIONS OF ANY KIND, either express or implied.\n# See the License for the specific language governing permissions and\n# limitations under the License.\n#\n\n##########################################################################\n##########################################################################\n#\n#  NOTE THAT IF YOU CHANGE THIS FILE YOU MUST RUN pod install AFTERWARDS\n#\n#  This file is installed as an Xcode build script in the project file\n#  by cocoapods, and you will not see your changes until you pod install\n#\n##########################################################################\n##########################################################################\n\nset -e\n\n_MAX_LOOKUPS=2;\n_SEARCH_RESULT=''\n_RN_ROOT_EXISTS=''\n_CURRENT_LOOKUPS=1\n_JSON_ROOT=\"'react-native'\"\n_JSON_FILE_NAME='firebase.json'\n_JSON_OUTPUT_BASE64='e30=' # { }\n_CURRENT_SEARCH_DIR=${PROJECT_DIR}\n_PLIST_BUDDY=/usr/libexec/PlistBuddy\n_TARGET_PLIST=\"${BUILT_PRODUCTS_DIR}/${INFOPLIST_PATH}\"\n_DSYM_PLIST=\"${DWARF_DSYM_FOLDER_PATH}/${DWARF_DSYM_FILE_NAME}/Contents/Info.plist\"\n\n# plist arrays\n_PLIST_ENTRY_KEYS=()\n_PLIST_ENTRY_TYPES=()\n_PLIST_ENTRY_VALUES=()\n\nfunction setPlistValue {\n  echo \"info:      setting plist entry '$1' of type '$2' in file '$4'\"\n  ${_PLIST_BUDDY} -c \"Add :$1 $2 '$3'\" $4 || echo \"info:      '$1' already exists\"\n}\n\nfunction getFirebaseJsonKeyValue () {\n  if [[ ${_RN_ROOT_EXISTS} ]]; then\n    ruby -Ku -e \"require 'rubygems';require 'json'; output=JSON.parse('$1'); puts output[$_JSON_ROOT]['$2']\"\n  else\n    echo \"\"\n  fi;\n}\n\nfunction jsonBoolToYesNo () {\n  if [[ $1 == \"false\" ]]; then\n    echo \"NO\"\n  elif [[ $1 == \"true\" ]]; then\n    echo \"YES\"\n  else echo \"NO\"\n  fi\n}\n\necho \"info: -> RNFB build script started\"\necho \"info: 1) Locating ${_JSON_FILE_NAME} file:\"\n\nif [[ -z ${_CURRENT_SEARCH_DIR} ]]; then\n  _CURRENT_SEARCH_DIR=$(pwd)\nfi;\n\nwhile true; do\n  _CURRENT_SEARCH_DIR=$(dirname \"$_CURRENT_SEARCH_DIR\")\n  if [[ \"$_CURRENT_SEARCH_DIR\" == \"/\" ]] || [[ ${_CURRENT_LOOKUPS} -gt ${_MAX_LOOKUPS} ]]; then break; fi;\n  echo \"info:      ($_CURRENT_LOOKUPS of $_MAX_LOOKUPS) Searching in '$_CURRENT_SEARCH_DIR' for a ${_JSON_FILE_NAME} file.\"\n  _SEARCH_RESULT=$(find \"$_CURRENT_SEARCH_DIR\" -maxdepth 2 -name ${_JSON_FILE_NAME} -print | /usr/bin/head -n 1)\n  if [[ ${_SEARCH_RESULT} ]]; then\n    echo \"info:      ${_JSON_FILE_NAME} found at $_SEARCH_RESULT\"\n    break;\n  fi;\n  _CURRENT_LOOKUPS=$((_CURRENT_LOOKUPS+1))\ndone\n\nif [[ ${_SEARCH_RESULT} ]]; then\n  _JSON_OUTPUT_RAW=$(cat \"${_SEARCH_RESULT}\")\n  _RN_ROOT_EXISTS=$(ruby -Ku -e \"require 'rubygems';require 'json'; output=JSON.parse('$_JSON_OUTPUT_RAW'); puts output[$_JSON_ROOT]\" || echo '')\n\n  if [[ ${_RN_ROOT_EXISTS} ]]; then\n    if ! python3 --version >/dev/null 2>&1; then echo \"python3 not found, firebase.json file processing error.\" && exit 1; fi\n    _JSON_OUTPUT_BASE64=$(python3 -c 'import json,sys,base64;print(base64.b64encode(bytes(json.dumps(json.loads(open('\"'${_SEARCH_RESULT}'\"', '\"'rb'\"').read())['${_JSON_ROOT}']), '\"'utf-8'\"')).decode())' || echo \"e30=\")\n  fi\n\n  _PLIST_ENTRY_KEYS+=(\"firebase_json_raw\")\n  _PLIST_ENTRY_TYPES+=(\"string\")\n  _PLIST_ENTRY_VALUES+=(\"$_JSON_OUTPUT_BASE64\")\n\n  # config.app_data_collection_default_enabled\n  _APP_DATA_COLLECTION_ENABLED=$(getFirebaseJsonKeyValue \"$_JSON_OUTPUT_RAW\" \"app_data_collection_default_enabled\")\n  if [[ $_APP_DATA_COLLECTION_ENABLED ]]; then\n    _PLIST_ENTRY_KEYS+=(\"FirebaseDataCollectionDefaultEnabled\")\n    _PLIST_ENTRY_TYPES+=(\"bool\")\n    _PLIST_ENTRY_VALUES+=(\"$(jsonBoolToYesNo \"$_APP_DATA_COLLECTION_ENABLED\")\")\n  fi\n\n  # config.analytics_auto_collection_enabled\n  _ANALYTICS_AUTO_COLLECTION=$(getFirebaseJsonKeyValue \"$_JSON_OUTPUT_RAW\" \"analytics_auto_collection_enabled\")\n  if [[ $_ANALYTICS_AUTO_COLLECTION ]]; then\n    _PLIST_ENTRY_KEYS+=(\"FIREBASE_ANALYTICS_COLLECTION_ENABLED\")\n    _PLIST_ENTRY_TYPES+=(\"bool\")\n    _PLIST_ENTRY_VALUES+=(\"$(jsonBoolToYesNo \"$_ANALYTICS_AUTO_COLLECTION\")\")\n  fi\n\n  # config.analytics_collection_deactivated\n  _ANALYTICS_DEACTIVATED=$(getFirebaseJsonKeyValue \"$_JSON_OUTPUT_RAW\" \"analytics_collection_deactivated\")\n  if [[ $_ANALYTICS_DEACTIVATED ]]; then\n    _PLIST_ENTRY_KEYS+=(\"FIREBASE_ANALYTICS_COLLECTION_DEACTIVATED\")\n    _PLIST_ENTRY_TYPES+=(\"bool\")\n    _PLIST_ENTRY_VALUES+=(\"$(jsonBoolToYesNo \"$_ANALYTICS_DEACTIVATED\")\")\n  fi\n\n  # config.analytics_idfv_collection_enabled\n  _ANALYTICS_IDFV_COLLECTION=$(getFirebaseJsonKeyValue \"$_JSON_OUTPUT_RAW\" \"analytics_idfv_collection_enabled\")\n  if [[ $_ANALYTICS_IDFV_COLLECTION ]]; then\n    _PLIST_ENTRY_KEYS+=(\"GOOGLE_ANALYTICS_IDFV_COLLECTION_ENABLED\")\n    _PLIST_ENTRY_TYPES+=(\"bool\")\n    _PLIST_ENTRY_VALUES+=(\"$(jsonBoolToYesNo \"$_ANALYTICS_IDFV_COLLECTION\")\")\n  fi\n\n  # config.analytics_default_allow_analytics_storage\n  _ANALYTICS_STORAGE=$(getFirebaseJsonKeyValue \"$_JSON_OUTPUT_RAW\" \"analytics_default_allow_analytics_storage\")\n  if [[ $_ANALYTICS_STORAGE ]]; then\n    _PLIST_ENTRY_KEYS+=(\"GOOGLE_ANALYTICS_DEFAULT_ALLOW_ANALYTICS_STORAGE\")\n    _PLIST_ENTRY_TYPES+=(\"bool\")\n    _PLIST_ENTRY_VALUES+=(\"$(jsonBoolToYesNo \"$_ANALYTICS_STORAGE\")\")\n  fi\n\n  # config.analytics_default_allow_ad_storage\n  _ANALYTICS_AD_STORAGE=$(getFirebaseJsonKeyValue \"$_JSON_OUTPUT_RAW\" \"analytics_default_allow_ad_storage\")\n  if [[ $_ANALYTICS_AD_STORAGE ]]; then\n    _PLIST_ENTRY_KEYS+=(\"GOOGLE_ANALYTICS_DEFAULT_ALLOW_AD_STORAGE\")\n    _PLIST_ENTRY_TYPES+=(\"bool\")\n    _PLIST_ENTRY_VALUES+=(\"$(jsonBoolToYesNo \"$_ANALYTICS_AD_STORAGE\")\")\n  fi\n\n  # config.analytics_default_allow_ad_user_data\n  _ANALYTICS_AD_USER_DATA=$(getFirebaseJsonKeyValue \"$_JSON_OUTPUT_RAW\" \"analytics_default_allow_ad_user_data\")\n  if [[ $_ANALYTICS_AD_USER_DATA ]]; then\n    _PLIST_ENTRY_KEYS+=(\"GOOGLE_ANALYTICS_DEFAULT_ALLOW_AD_USER_DATA\")\n    _PLIST_ENTRY_TYPES+=(\"bool\")\n    _PLIST_ENTRY_VALUES+=(\"$(jsonBoolToYesNo \"$_ANALYTICS_AD_USER_DATA\")\")\n  fi\n\n  # config.analytics_default_allow_ad_personalization_signals\n  _ANALYTICS_PERSONALIZATION=$(getFirebaseJsonKeyValue \"$_JSON_OUTPUT_RAW\" \"analytics_default_allow_ad_personalization_signals\")\n  if [[ $_ANALYTICS_PERSONALIZATION ]]; then\n    _PLIST_ENTRY_KEYS+=(\"GOOGLE_ANALYTICS_DEFAULT_ALLOW_AD_PERSONALIZATION_SIGNALS\")\n    _PLIST_ENTRY_TYPES+=(\"bool\")\n    _PLIST_ENTRY_VALUES+=(\"$(jsonBoolToYesNo \"$_ANALYTICS_PERSONALIZATION\")\")\n  fi\n\n  # config.analytics_registration_with_ad_network_enabled\n  _ANALYTICS_REGISTRATION_WITH_AD_NETWORK=$(getFirebaseJsonKeyValue \"$_JSON_OUTPUT_RAW\" \"google_analytics_registration_with_ad_network_enabled\")\n  if [[ $_ANALYTICS_REGISTRATION_WITH_AD_NETWORK ]]; then\n    _PLIST_ENTRY_KEYS+=(\"GOOGLE_ANALYTICS_REGISTRATION_WITH_AD_NETWORK_ENABLED\")\n    _PLIST_ENTRY_TYPES+=(\"bool\")\n    _PLIST_ENTRY_VALUES+=(\"$(jsonBoolToYesNo \"$_ANALYTICS_REGISTRATION_WITH_AD_NETWORK\")\")\n  fi\n\n  # config.google_analytics_automatic_screen_reporting_enabled\n  _ANALYTICS_AUTO_SCREEN_REPORTING=$(getFirebaseJsonKeyValue \"$_JSON_OUTPUT_RAW\" \"google_analytics_automatic_screen_reporting_enabled\")\n  if [[ $_ANALYTICS_AUTO_SCREEN_REPORTING ]]; then\n    _PLIST_ENTRY_KEYS+=(\"FirebaseAutomaticScreenReportingEnabled\")\n    _PLIST_ENTRY_TYPES+=(\"bool\")\n    _PLIST_ENTRY_VALUES+=(\"$(jsonBoolToYesNo \"$_ANALYTICS_AUTO_SCREEN_REPORTING\")\")\n  fi\n\n  # config.perf_auto_collection_enabled\n  _PERF_AUTO_COLLECTION=$(getFirebaseJsonKeyValue \"$_JSON_OUTPUT_RAW\" \"perf_auto_collection_enabled\")\n  if [[ $_PERF_AUTO_COLLECTION ]]; then\n    _PLIST_ENTRY_KEYS+=(\"firebase_performance_collection_enabled\")\n    _PLIST_ENTRY_TYPES+=(\"bool\")\n    _PLIST_ENTRY_VALUES+=(\"$(jsonBoolToYesNo \"$_PERF_AUTO_COLLECTION\")\")\n  fi\n\n  # config.perf_collection_deactivated\n  _PERF_DEACTIVATED=$(getFirebaseJsonKeyValue \"$_JSON_OUTPUT_RAW\" \"perf_collection_deactivated\")\n  if [[ $_PERF_DEACTIVATED ]]; then\n    _PLIST_ENTRY_KEYS+=(\"firebase_performance_collection_deactivated\")\n    _PLIST_ENTRY_TYPES+=(\"bool\")\n    _PLIST_ENTRY_VALUES+=(\"$(jsonBoolToYesNo \"$_PERF_DEACTIVATED\")\")\n  fi\n\n  # config.messaging_auto_init_enabled\n  _MESSAGING_AUTO_INIT=$(getFirebaseJsonKeyValue \"$_JSON_OUTPUT_RAW\" \"messaging_auto_init_enabled\")\n  if [[ $_MESSAGING_AUTO_INIT ]]; then\n    _PLIST_ENTRY_KEYS+=(\"FirebaseMessagingAutoInitEnabled\")\n    _PLIST_ENTRY_TYPES+=(\"bool\")\n    _PLIST_ENTRY_VALUES+=(\"$(jsonBoolToYesNo \"$_MESSAGING_AUTO_INIT\")\")\n  fi\n\n  # config.in_app_messaging_auto_colllection_enabled\n  _FIAM_AUTO_INIT=$(getFirebaseJsonKeyValue \"$_JSON_OUTPUT_RAW\" \"in_app_messaging_auto_collection_enabled\")\n  if [[ $_FIAM_AUTO_INIT ]]; then\n    _PLIST_ENTRY_KEYS+=(\"FirebaseInAppMessagingAutomaticDataCollectionEnabled\")\n    _PLIST_ENTRY_TYPES+=(\"bool\")\n    _PLIST_ENTRY_VALUES+=(\"$(jsonBoolToYesNo \"$_FIAM_AUTO_INIT\")\")\n  fi\n\n  # config.app_check_token_auto_refresh\n  _APP_CHECK_TOKEN_AUTO_REFRESH=$(getFirebaseJsonKeyValue \"$_JSON_OUTPUT_RAW\" \"app_check_token_auto_refresh\")\n  if [[ $_APP_CHECK_TOKEN_AUTO_REFRESH ]]; then\n    _PLIST_ENTRY_KEYS+=(\"FirebaseAppCheckTokenAutoRefreshEnabled\")\n    _PLIST_ENTRY_TYPES+=(\"bool\")\n    _PLIST_ENTRY_VALUES+=(\"$(jsonBoolToYesNo \"$_APP_CHECK_TOKEN_AUTO_REFRESH\")\")\n  fi\n\n  # config.crashlytics_disable_auto_disabler - undocumented for now - mainly for debugging, document if becomes useful\n  _CRASHLYTICS_AUTO_DISABLE_ENABLED=$(getFirebaseJsonKeyValue \"$_JSON_OUTPUT_RAW\" \"crashlytics_disable_auto_disabler\")\n  if [[ $_CRASHLYTICS_AUTO_DISABLE_ENABLED == \"true\" ]]; then\n    echo \"Disabled Crashlytics auto disabler.\" # do nothing\n  else\n    _PLIST_ENTRY_KEYS+=(\"FirebaseCrashlyticsCollectionEnabled\")\n    _PLIST_ENTRY_TYPES+=(\"bool\")\n    _PLIST_ENTRY_VALUES+=(\"NO\")\n  fi\nelse\n  _PLIST_ENTRY_KEYS+=(\"firebase_json_raw\")\n  _PLIST_ENTRY_TYPES+=(\"string\")\n  _PLIST_ENTRY_VALUES+=(\"$_JSON_OUTPUT_BASE64\")\n  echo \"warning:   A firebase.json file was not found, whilst this file is optional it is recommended to include it to configure firebase services in React Native Firebase.\"\nfi;\n\necho \"info: 2) Injecting Info.plist entries: \"\n\n# Log out the keys we're adding\nfor i in \"${!_PLIST_ENTRY_KEYS[@]}\"; do\n  echo \"    ->  $i) ${_PLIST_ENTRY_KEYS[$i]}\" \"${_PLIST_ENTRY_TYPES[$i]}\" \"${_PLIST_ENTRY_VALUES[$i]}\"\ndone\n\nfor plist in \"${_TARGET_PLIST}\" \"${_DSYM_PLIST}\" ; do\n  if [[ -f \"${plist}\" ]]; then\n\n    # paths with spaces break the call to setPlistValue. temporarily modify\n    # the shell internal field separator variable (IFS), which normally\n    # includes spaces, to consist only of line breaks\n    oldifs=$IFS\n    IFS=\"\n\"\n\n    for i in \"${!_PLIST_ENTRY_KEYS[@]}\"; do\n      setPlistValue \"${_PLIST_ENTRY_KEYS[$i]}\" \"${_PLIST_ENTRY_TYPES[$i]}\" \"${_PLIST_ENTRY_VALUES[$i]}\" \"${plist}\"\n    done\n\n    # restore the original internal field separator value\n    IFS=$oldifs\n  else\n    echo \"warning:   A Info.plist build output file was not found (${plist})\"\n  fi\ndone\n\necho \"info: <- RNFB build script finished\"\n";
		};
		57A1005ACAF5F4353B2D2A75 /* [CP] Embed Pods Frameworks */ = {
			isa = PBXShellScriptBuildPhase;
			buildActionMask = 2147483647;
			files = (
			);
			inputFileListPaths = (
				"${PODS_ROOT}/Target Support Files/Pods-flydroneapp-flydroneappTests/Pods-flydroneapp-flydroneappTests-frameworks-${CONFIGURATION}-input-files.xcfilelist",
			);
			name = "[CP] Embed Pods Frameworks";
			outputFileListPaths = (
				"${PODS_ROOT}/Target Support Files/Pods-flydroneapp-flydroneappTests/Pods-flydroneapp-flydroneappTests-frameworks-${CONFIGURATION}-output-files.xcfilelist",
			);
			runOnlyForDeploymentPostprocessing = 0;
			shellPath = /bin/sh;
			shellScript = "\"${PODS_ROOT}/Target Support Files/Pods-flydroneapp-flydroneappTests/Pods-flydroneapp-flydroneappTests-frameworks.sh\"\n";
			showEnvVarsInLog = 0;
		};
		A55EABD7B0C7F3A422A6CC61 /* [CP] Check Pods Manifest.lock */ = {
			isa = PBXShellScriptBuildPhase;
			buildActionMask = 2147483647;
			files = (
			);
			inputFileListPaths = (
			);
			inputPaths = (
				"${PODS_PODFILE_DIR_PATH}/Podfile.lock",
				"${PODS_ROOT}/Manifest.lock",
			);
			name = "[CP] Check Pods Manifest.lock";
			outputFileListPaths = (
			);
			outputPaths = (
				"$(DERIVED_FILE_DIR)/Pods-flydroneapp-flydroneappTests-checkManifestLockResult.txt",
			);
			runOnlyForDeploymentPostprocessing = 0;
			shellPath = /bin/sh;
			shellScript = "diff \"${PODS_PODFILE_DIR_PATH}/Podfile.lock\" \"${PODS_ROOT}/Manifest.lock\" > /dev/null\nif [ $? != 0 ] ; then\n    # print error to STDERR\n    echo \"error: The sandbox is not in sync with the Podfile.lock. Run 'pod install' or update your CocoaPods installation.\" >&2\n    exit 1\nfi\n# This output is used by Xcode 'outputs' to avoid re-running this script phase.\necho \"SUCCESS\" > \"${SCRIPT_OUTPUT_FILE_0}\"\n";
			showEnvVarsInLog = 0;
		};
		C38B50BA6285516D6DCD4F65 /* [CP] Check Pods Manifest.lock */ = {
			isa = PBXShellScriptBuildPhase;
			buildActionMask = 2147483647;
			files = (
			);
			inputFileListPaths = (
			);
			inputPaths = (
				"${PODS_PODFILE_DIR_PATH}/Podfile.lock",
				"${PODS_ROOT}/Manifest.lock",
			);
			name = "[CP] Check Pods Manifest.lock";
			outputFileListPaths = (
			);
			outputPaths = (
				"$(DERIVED_FILE_DIR)/Pods-flydroneapp-checkManifestLockResult.txt",
			);
			runOnlyForDeploymentPostprocessing = 0;
			shellPath = /bin/sh;
			shellScript = "diff \"${PODS_PODFILE_DIR_PATH}/Podfile.lock\" \"${PODS_ROOT}/Manifest.lock\" > /dev/null\nif [ $? != 0 ] ; then\n    # print error to STDERR\n    echo \"error: The sandbox is not in sync with the Podfile.lock. Run 'pod install' or update your CocoaPods installation.\" >&2\n    exit 1\nfi\n# This output is used by Xcode 'outputs' to avoid re-running this script phase.\necho \"SUCCESS\" > \"${SCRIPT_OUTPUT_FILE_0}\"\n";
			showEnvVarsInLog = 0;
		};
		E235C05ADACE081382539298 /* [CP] Copy Pods Resources */ = {
			isa = PBXShellScriptBuildPhase;
			buildActionMask = 2147483647;
			files = (
			);
			inputFileListPaths = (
				"${PODS_ROOT}/Target Support Files/Pods-flydroneapp/Pods-flydroneapp-resources-${CONFIGURATION}-input-files.xcfilelist",
			);
			name = "[CP] Copy Pods Resources";
			outputFileListPaths = (
				"${PODS_ROOT}/Target Support Files/Pods-flydroneapp/Pods-flydroneapp-resources-${CONFIGURATION}-output-files.xcfilelist",
			);
			runOnlyForDeploymentPostprocessing = 0;
			shellPath = /bin/sh;
			shellScript = "\"${PODS_ROOT}/Target Support Files/Pods-flydroneapp/Pods-flydroneapp-resources.sh\"\n";
			showEnvVarsInLog = 0;
		};
		F6A41C54EA430FDDC6A6ED99 /* [CP] Copy Pods Resources */ = {
			isa = PBXShellScriptBuildPhase;
			buildActionMask = 2147483647;
			files = (
			);
			inputFileListPaths = (
				"${PODS_ROOT}/Target Support Files/Pods-flydroneapp-flydroneappTests/Pods-flydroneapp-flydroneappTests-resources-${CONFIGURATION}-input-files.xcfilelist",
			);
			name = "[CP] Copy Pods Resources";
			outputFileListPaths = (
				"${PODS_ROOT}/Target Support Files/Pods-flydroneapp-flydroneappTests/Pods-flydroneapp-flydroneappTests-resources-${CONFIGURATION}-output-files.xcfilelist",
			);
			runOnlyForDeploymentPostprocessing = 0;
			shellPath = /bin/sh;
			shellScript = "\"${PODS_ROOT}/Target Support Files/Pods-flydroneapp-flydroneappTests/Pods-flydroneapp-flydroneappTests-resources.sh\"\n";
			showEnvVarsInLog = 0;
		};
		F737289A6923131633B59F1C /* [CP] Embed Pods Frameworks */ = {
			isa = PBXShellScriptBuildPhase;
			buildActionMask = 2147483647;
			files = (
			);
			inputFileListPaths = (
				"${PODS_ROOT}/Target Support Files/Pods-flydroneapp/Pods-flydroneapp-frameworks-${CONFIGURATION}-input-files.xcfilelist",
			);
			name = "[CP] Embed Pods Frameworks";
			outputFileListPaths = (
				"${PODS_ROOT}/Target Support Files/Pods-flydroneapp/Pods-flydroneapp-frameworks-${CONFIGURATION}-output-files.xcfilelist",
			);
			runOnlyForDeploymentPostprocessing = 0;
			shellPath = /bin/sh;
			shellScript = "\"${PODS_ROOT}/Target Support Files/Pods-flydroneapp/Pods-flydroneapp-frameworks.sh\"\n";
			showEnvVarsInLog = 0;
		};
/* End PBXShellScriptBuildPhase section */

/* Begin PBXSourcesBuildPhase section */
		00E356EA1AD99517003FC87E /* Sources */ = {
			isa = PBXSourcesBuildPhase;
			buildActionMask = 2147483647;
			files = (
				00E356F31AD99517003FC87E /* flydroneappTests.m in Sources */,
			);
			runOnlyForDeploymentPostprocessing = 0;
		};
		13B07F871A680F5B00A75B9A /* Sources */ = {
			isa = PBXSourcesBuildPhase;
			buildActionMask = 2147483647;
			files = (
				13B07FBC1A68108700A75B9A /* AppDelegate.mm in Sources */,
				13B07FC11A68108700A75B9A /* main.m in Sources */,
			);
			runOnlyForDeploymentPostprocessing = 0;
		};
/* End PBXSourcesBuildPhase section */

/* Begin PBXTargetDependency section */
		00E356F51AD99517003FC87E /* PBXTargetDependency */ = {
			isa = PBXTargetDependency;
			target = 13B07F861A680F5B00A75B9A /* flydroneapp */;
			targetProxy = 00E356F41AD99517003FC87E /* PBXContainerItemProxy */;
		};
/* End PBXTargetDependency section */

/* Begin XCBuildConfiguration section */
		00E356F61AD99517003FC87E /* Debug */ = {
			isa = XCBuildConfiguration;
			baseConfigurationReference = 5B7EB9410499542E8C5724F5 /* Pods-flydroneapp-flydroneappTests.debug.xcconfig */;
			buildSettings = {
				BUNDLE_LOADER = "$(TEST_HOST)";
				GCC_PREPROCESSOR_DEFINITIONS = (
					"DEBUG=1",
					"$(inherited)",
				);
				INFOPLIST_FILE = flydroneappTests/Info.plist;
				IPHONEOS_DEPLOYMENT_TARGET = 13.4;
				LD_RUNPATH_SEARCH_PATHS = (
					"$(inherited)",
					"@executable_path/Frameworks",
					"@loader_path/Frameworks",
				);
				OTHER_LDFLAGS = (
					"-ObjC",
					"-lc++",
					"$(inherited)",
				);
				PRODUCT_BUNDLE_IDENTIFIER = "org.reactjs.native.example.$(PRODUCT_NAME:rfc1034identifier)";
				PRODUCT_NAME = "$(TARGET_NAME)";
				TEST_HOST = "$(BUILT_PRODUCTS_DIR)/flydroneapp.app/flydroneapp";
			};
			name = Debug;
		};
		00E356F71AD99517003FC87E /* Release */ = {
			isa = XCBuildConfiguration;
			baseConfigurationReference = 89C6BE57DB24E9ADA2F236DE /* Pods-flydroneapp-flydroneappTests.release.xcconfig */;
			buildSettings = {
				BUNDLE_LOADER = "$(TEST_HOST)";
				COPY_PHASE_STRIP = NO;
				INFOPLIST_FILE = flydroneappTests/Info.plist;
				IPHONEOS_DEPLOYMENT_TARGET = 13.4;
				LD_RUNPATH_SEARCH_PATHS = (
					"$(inherited)",
					"@executable_path/Frameworks",
					"@loader_path/Frameworks",
				);
				OTHER_LDFLAGS = (
					"-ObjC",
					"-lc++",
					"$(inherited)",
				);
				PRODUCT_BUNDLE_IDENTIFIER = "org.reactjs.native.example.$(PRODUCT_NAME:rfc1034identifier)";
				PRODUCT_NAME = "$(TARGET_NAME)";
				TEST_HOST = "$(BUILT_PRODUCTS_DIR)/flydroneapp.app/flydroneapp";
			};
			name = Release;
		};
		13B07F941A680F5B00A75B9A /* Debug */ = {
			isa = XCBuildConfiguration;
			baseConfigurationReference = 3B4392A12AC88292D35C810B /* Pods-flydroneapp.debug.xcconfig */;
			buildSettings = {
				ASSETCATALOG_COMPILER_APPICON_NAME = AppIcon;
				CLANG_ENABLE_MODULES = YES;
				CURRENT_PROJECT_VERSION = 1;
				ENABLE_BITCODE = NO;
				INFOPLIST_FILE = flydroneapp/Info.plist;
				LD_RUNPATH_SEARCH_PATHS = (
					"$(inherited)",
					"@executable_path/Frameworks",
				);
				MARKETING_VERSION = 1.0;
				OTHER_LDFLAGS = (
					"$(inherited)",
					"-ObjC",
					"-lc++",
				);
				PRODUCT_BUNDLE_IDENTIFIER = "org.reactjs.native.example.$(PRODUCT_NAME:rfc1034identifier)";
				PRODUCT_NAME = flydroneapp;
				SWIFT_OPTIMIZATION_LEVEL = "-Onone";
				SWIFT_VERSION = 5.0;
				VERSIONING_SYSTEM = "apple-generic";
			};
			name = Debug;
		};
		13B07F951A680F5B00A75B9A /* Release */ = {
			isa = XCBuildConfiguration;
			baseConfigurationReference = 5709B34CF0A7D63546082F79 /* Pods-flydroneapp.release.xcconfig */;
			buildSettings = {
				ASSETCATALOG_COMPILER_APPICON_NAME = AppIcon;
				CLANG_ENABLE_MODULES = YES;
				CURRENT_PROJECT_VERSION = 1;
				INFOPLIST_FILE = flydroneapp/Info.plist;
				LD_RUNPATH_SEARCH_PATHS = (
					"$(inherited)",
					"@executable_path/Frameworks",
				);
				MARKETING_VERSION = 1.0;
				OTHER_LDFLAGS = (
					"$(inherited)",
					"-ObjC",
					"-lc++",
				);
				PRODUCT_BUNDLE_IDENTIFIER = "org.reactjs.native.example.$(PRODUCT_NAME:rfc1034identifier)";
				PRODUCT_NAME = flydroneapp;
				SWIFT_VERSION = 5.0;
				VERSIONING_SYSTEM = "apple-generic";
			};
			name = Release;
		};
		83CBBA201A601CBA00E9B192 /* Debug */ = {
			isa = XCBuildConfiguration;
			buildSettings = {
				ALWAYS_SEARCH_USER_PATHS = NO;
				CC = "";
				CLANG_ANALYZER_LOCALIZABILITY_NONLOCALIZED = YES;
				CLANG_CXX_LANGUAGE_STANDARD = "c++20";
				CLANG_CXX_LIBRARY = "libc++";
				CLANG_ENABLE_MODULES = YES;
				CLANG_ENABLE_OBJC_ARC = YES;
				CLANG_WARN_BLOCK_CAPTURE_AUTORELEASING = YES;
				CLANG_WARN_BOOL_CONVERSION = YES;
				CLANG_WARN_COMMA = YES;
				CLANG_WARN_CONSTANT_CONVERSION = YES;
				CLANG_WARN_DEPRECATED_OBJC_IMPLEMENTATIONS = YES;
				CLANG_WARN_DIRECT_OBJC_ISA_USAGE = YES_ERROR;
				CLANG_WARN_EMPTY_BODY = YES;
				CLANG_WARN_ENUM_CONVERSION = YES;
				CLANG_WARN_INFINITE_RECURSION = YES;
				CLANG_WARN_INT_CONVERSION = YES;
				CLANG_WARN_NON_LITERAL_NULL_CONVERSION = YES;
				CLANG_WARN_OBJC_IMPLICIT_RETAIN_SELF = YES;
				CLANG_WARN_OBJC_LITERAL_CONVERSION = YES;
				CLANG_WARN_OBJC_ROOT_CLASS = YES_ERROR;
				CLANG_WARN_QUOTED_INCLUDE_IN_FRAMEWORK_HEADER = YES;
				CLANG_WARN_RANGE_LOOP_ANALYSIS = YES;
				CLANG_WARN_STRICT_PROTOTYPES = YES;
				CLANG_WARN_SUSPICIOUS_MOVE = YES;
				CLANG_WARN_UNREACHABLE_CODE = YES;
				CLANG_WARN__DUPLICATE_METHOD_MATCH = YES;
				"CODE_SIGN_IDENTITY[sdk=iphoneos*]" = "iPhone Developer";
				COPY_PHASE_STRIP = NO;
				CXX = "";
				ENABLE_STRICT_OBJC_MSGSEND = YES;
				ENABLE_TESTABILITY = YES;
				"EXCLUDED_ARCHS[sdk=iphonesimulator*]" = "";
				GCC_C_LANGUAGE_STANDARD = gnu99;
				GCC_DYNAMIC_NO_PIC = NO;
				GCC_NO_COMMON_BLOCKS = YES;
				GCC_OPTIMIZATION_LEVEL = 0;
				GCC_PREPROCESSOR_DEFINITIONS = (
					"DEBUG=1",
					"$(inherited)",
				);
				GCC_SYMBOLS_PRIVATE_EXTERN = NO;
				GCC_WARN_64_TO_32_BIT_CONVERSION = YES;
				GCC_WARN_ABOUT_RETURN_TYPE = YES_ERROR;
				GCC_WARN_UNDECLARED_SELECTOR = YES;
				GCC_WARN_UNINITIALIZED_AUTOS = YES_AGGRESSIVE;
				GCC_WARN_UNUSED_FUNCTION = YES;
				GCC_WARN_UNUSED_VARIABLE = YES;
				HEADER_SEARCH_PATHS = (
					"$(inherited)",
					"${PODS_CONFIGURATION_BUILD_DIR}/ReactCommon/ReactCommon.framework/Headers",
					"${PODS_CONFIGURATION_BUILD_DIR}/ReactCommon/ReactCommon.framework/Headers/react/nativemodule/core",
					"${PODS_CONFIGURATION_BUILD_DIR}/ReactCommon-Samples/ReactCommon_Samples.framework/Headers",
					"${PODS_CONFIGURATION_BUILD_DIR}/ReactCommon-Samples/ReactCommon_Samples.framework/Headers/platform/ios",
					"${PODS_CONFIGURATION_BUILD_DIR}/React-Fabric/React_Fabric.framework/Headers/react/renderer/components/view/platform/cxx",
					"${PODS_CONFIGURATION_BUILD_DIR}/React-NativeModulesApple/React_NativeModulesApple.framework/Headers",
					"${PODS_CONFIGURATION_BUILD_DIR}/React-graphics/React_graphics.framework/Headers",
					"${PODS_CONFIGURATION_BUILD_DIR}/React-graphics/React_graphics.framework/Headers/react/renderer/graphics/platform/ios",
				);
				IPHONEOS_DEPLOYMENT_TARGET = 13.4;
				LD = "";
				LDPLUSPLUS = "";
				LD_RUNPATH_SEARCH_PATHS = (
					/usr/lib/swift,
					"$(inherited)",
				);
				LIBRARY_SEARCH_PATHS = (
					"\"$(SDKROOT)/usr/lib/swift\"",
					"\"$(TOOLCHAIN_DIR)/usr/lib/swift/$(PLATFORM_NAME)\"",
					"\"$(inherited)\"",
				);
				MTL_ENABLE_DEBUG_INFO = YES;
				ONLY_ACTIVE_ARCH = YES;
				OTHER_CPLUSPLUSFLAGS = (
					"$(OTHER_CFLAGS)",
					"-DFOLLY_NO_CONFIG",
					"-DFOLLY_MOBILE=1",
					"-DFOLLY_USE_LIBCPP=1",
					"-DFOLLY_CFG_NO_COROUTINES=1",
					"-DFOLLY_HAVE_CLOCK_GETTIME=1",
				);
				OTHER_LDFLAGS = (
					"$(inherited)",
					" ",
				);
				REACT_NATIVE_PATH = "${PODS_ROOT}/../../node_modules/react-native";
				SDKROOT = iphoneos;
				SWIFT_ACTIVE_COMPILATION_CONDITIONS = "$(inherited) DEBUG";
				USE_HERMES = true;
			};
			name = Debug;
		};
		83CBBA211A601CBA00E9B192 /* Release */ = {
			isa = XCBuildConfiguration;
			buildSettings = {
				ALWAYS_SEARCH_USER_PATHS = NO;
				CC = "";
				CLANG_ANALYZER_LOCALIZABILITY_NONLOCALIZED = YES;
				CLANG_CXX_LANGUAGE_STANDARD = "c++20";
				CLANG_CXX_LIBRARY = "libc++";
				CLANG_ENABLE_MODULES = YES;
				CLANG_ENABLE_OBJC_ARC = YES;
				CLANG_WARN_BLOCK_CAPTURE_AUTORELEASING = YES;
				CLANG_WARN_BOOL_CONVERSION = YES;
				CLANG_WARN_COMMA = YES;
				CLANG_WARN_CONSTANT_CONVERSION = YES;
				CLANG_WARN_DEPRECATED_OBJC_IMPLEMENTATIONS = YES;
				CLANG_WARN_DIRECT_OBJC_ISA_USAGE = YES_ERROR;
				CLANG_WARN_EMPTY_BODY = YES;
				CLANG_WARN_ENUM_CONVERSION = YES;
				CLANG_WARN_INFINITE_RECURSION = YES;
				CLANG_WARN_INT_CONVERSION = YES;
				CLANG_WARN_NON_LITERAL_NULL_CONVERSION = YES;
				CLANG_WARN_OBJC_IMPLICIT_RETAIN_SELF = YES;
				CLANG_WARN_OBJC_LITERAL_CONVERSION = YES;
				CLANG_WARN_OBJC_ROOT_CLASS = YES_ERROR;
				CLANG_WARN_QUOTED_INCLUDE_IN_FRAMEWORK_HEADER = YES;
				CLANG_WARN_RANGE_LOOP_ANALYSIS = YES;
				CLANG_WARN_STRICT_PROTOTYPES = YES;
				CLANG_WARN_SUSPICIOUS_MOVE = YES;
				CLANG_WARN_UNREACHABLE_CODE = YES;
				CLANG_WARN__DUPLICATE_METHOD_MATCH = YES;
				"CODE_SIGN_IDENTITY[sdk=iphoneos*]" = "iPhone Developer";
				COPY_PHASE_STRIP = YES;
				CXX = "";
				ENABLE_NS_ASSERTIONS = NO;
				ENABLE_STRICT_OBJC_MSGSEND = YES;
				"EXCLUDED_ARCHS[sdk=iphonesimulator*]" = "";
				GCC_C_LANGUAGE_STANDARD = gnu99;
				GCC_NO_COMMON_BLOCKS = YES;
				GCC_WARN_64_TO_32_BIT_CONVERSION = YES;
				GCC_WARN_ABOUT_RETURN_TYPE = YES_ERROR;
				GCC_WARN_UNDECLARED_SELECTOR = YES;
				GCC_WARN_UNINITIALIZED_AUTOS = YES_AGGRESSIVE;
				GCC_WARN_UNUSED_FUNCTION = YES;
				GCC_WARN_UNUSED_VARIABLE = YES;
				HEADER_SEARCH_PATHS = (
					"$(inherited)",
					"${PODS_CONFIGURATION_BUILD_DIR}/ReactCommon/ReactCommon.framework/Headers",
					"${PODS_CONFIGURATION_BUILD_DIR}/ReactCommon/ReactCommon.framework/Headers/react/nativemodule/core",
					"${PODS_CONFIGURATION_BUILD_DIR}/ReactCommon-Samples/ReactCommon_Samples.framework/Headers",
					"${PODS_CONFIGURATION_BUILD_DIR}/ReactCommon-Samples/ReactCommon_Samples.framework/Headers/platform/ios",
					"${PODS_CONFIGURATION_BUILD_DIR}/React-Fabric/React_Fabric.framework/Headers/react/renderer/components/view/platform/cxx",
					"${PODS_CONFIGURATION_BUILD_DIR}/React-NativeModulesApple/React_NativeModulesApple.framework/Headers",
					"${PODS_CONFIGURATION_BUILD_DIR}/React-graphics/React_graphics.framework/Headers",
					"${PODS_CONFIGURATION_BUILD_DIR}/React-graphics/React_graphics.framework/Headers/react/renderer/graphics/platform/ios",
				);
				IPHONEOS_DEPLOYMENT_TARGET = 13.4;
				LD = "";
				LDPLUSPLUS = "";
				LD_RUNPATH_SEARCH_PATHS = (
					/usr/lib/swift,
					"$(inherited)",
				);
				LIBRARY_SEARCH_PATHS = (
					"\"$(SDKROOT)/usr/lib/swift\"",
					"\"$(TOOLCHAIN_DIR)/usr/lib/swift/$(PLATFORM_NAME)\"",
					"\"$(inherited)\"",
				);
				MTL_ENABLE_DEBUG_INFO = NO;
				OTHER_CPLUSPLUSFLAGS = (
					"$(OTHER_CFLAGS)",
					"-DFOLLY_NO_CONFIG",
					"-DFOLLY_MOBILE=1",
					"-DFOLLY_USE_LIBCPP=1",
					"-DFOLLY_CFG_NO_COROUTINES=1",
					"-DFOLLY_HAVE_CLOCK_GETTIME=1",
				);
				OTHER_LDFLAGS = (
					"$(inherited)",
					" ",
				);
				REACT_NATIVE_PATH = "${PODS_ROOT}/../../node_modules/react-native";
				SDKROOT = iphoneos;
				USE_HERMES = true;
				VALIDATE_PRODUCT = YES;
			};
			name = Release;
		};
/* End XCBuildConfiguration section */

/* Begin XCConfigurationList section */
		00E357021AD99517003FC87E /* Build configuration list for PBXNativeTarget "flydroneappTests" */ = {
			isa = XCConfigurationList;
			buildConfigurations = (
				00E356F61AD99517003FC87E /* Debug */,
				00E356F71AD99517003FC87E /* Release */,
			);
			defaultConfigurationIsVisible = 0;
			defaultConfigurationName = Release;
		};
		13B07F931A680F5B00A75B9A /* Build configuration list for PBXNativeTarget "flydroneapp" */ = {
			isa = XCConfigurationList;
			buildConfigurations = (
				13B07F941A680F5B00A75B9A /* Debug */,
				13B07F951A680F5B00A75B9A /* Release */,
			);
			defaultConfigurationIsVisible = 0;
			defaultConfigurationName = Release;
		};
		83CBB9FA1A601CBA00E9B192 /* Build configuration list for PBXProject "flydroneapp" */ = {
			isa = XCConfigurationList;
			buildConfigurations = (
				83CBBA201A601CBA00E9B192 /* Debug */,
				83CBBA211A601CBA00E9B192 /* Release */,
			);
			defaultConfigurationIsVisible = 0;
			defaultConfigurationName = Release;
		};
/* End XCConfigurationList section */
	};
	rootObject = 83CBB9F71A601CBA00E9B192 /* Project object */;
}
